PODS:
  - AFNetworking (2.6.3):
    - AFNetworking/NSURLConnection (= 2.6.3)
    - AFNetworking/NSURLSession (= 2.6.3)
    - AFNetworking/Reachability (= 2.6.3)
    - AFNetworking/Security (= 2.6.3)
    - AFNetworking/Serialization (= 2.6.3)
    - AFNetworking/UIKit (= 2.6.3)
  - AFNetworking/NSURLConnection (2.6.3):
    - AFNetworking/Reachability
    - AFNetworking/Security
    - AFNetworking/Serialization
  - AFNetworking/NSURLSession (2.6.3):
    - AFNetworking/Reachability
    - AFNetworking/Security
    - AFNetworking/Serialization
  - AFNetworking/Reachability (2.6.3)
  - AFNetworking/Security (2.6.3)
  - AFNetworking/Serialization (2.6.3)
  - AFNetworking/UIKit (2.6.3):
    - AFNetworking/NSURLConnection
    - AFNetworking/NSURLSession
  - AUAccount (0.2.8):
    - SSKeychain
  - FormatterKit (1.8.1):
    - FormatterKit/AddressFormatter (= 1.8.1)
    - FormatterKit/ArrayFormatter (= 1.8.1)
    - FormatterKit/ColorFormatter (= 1.8.1)
    - FormatterKit/LocationFormatter (= 1.8.1)
    - FormatterKit/NameFormatter (= 1.8.1)
    - FormatterKit/OrdinalNumberFormatter (= 1.8.1)
    - FormatterKit/Resources (= 1.8.1)
    - FormatterKit/TimeIntervalFormatter (= 1.8.1)
    - FormatterKit/UnitOfInformationFormatter (= 1.8.1)
    - FormatterKit/URLRequestFormatter (= 1.8.1)
  - FormatterKit/AddressFormatter (1.8.1):
    - FormatterKit/Resources
  - FormatterKit/ArrayFormatter (1.8.1):
    - FormatterKit/Resources
  - FormatterKit/ColorFormatter (1.8.1):
    - FormatterKit/Resources
  - FormatterKit/LocationFormatter (1.8.1):
    - FormatterKit/Resources
  - FormatterKit/NameFormatter (1.8.1):
    - FormatterKit/Resources
  - FormatterKit/OrdinalNumberFormatter (1.8.1):
    - FormatterKit/Resources
  - FormatterKit/Resources (1.8.1)
  - FormatterKit/TimeIntervalFormatter (1.8.1):
    - FormatterKit/Resources
  - FormatterKit/UnitOfInformationFormatter (1.8.1):
    - FormatterKit/Resources
  - FormatterKit/URLRequestFormatter (1.8.1):
    - FormatterKit/Resources
  - Mantle (2.0.7):
    - Mantle/extobjc (= 2.0.7)
  - Mantle/extobjc (2.0.7)
  - MBProgressHUD (0.9.2)
  - SSKeychain (1.4.0)

DEPENDENCIES:
  - AFNetworking (~> 2.5)
  - AUAccount (from `https://github.com/appunite/AUAccount.git`, tag `0.2.8`)
  - FormatterKit
  - Mantle
  - MBProgressHUD

EXTERNAL SOURCES:
  AUAccount:
    :git: https://github.com/appunite/AUAccount.git
    :tag: 0.2.8

CHECKOUT OPTIONS:
  AUAccount:
    :git: https://github.com/appunite/AUAccount.git
    :tag: 0.2.8

SPEC CHECKSUMS:
  AFNetworking: cb8d14a848e831097108418f5d49217339d4eb60
  AUAccount: 5bc4bb04d16195348b1b4fe6de963cfb650a5e50
  FormatterKit: 11ad17b983200629246a5a466f6f1bfa2df823cb
  Mantle: bc40bb061d8c2c6fb48d5083e04d928c3b7f73d9
  MBProgressHUD: 1569cf7ace17a8bac47aabfbb8580a49690386d1
  SSKeychain: c71293fa57216a40ab06c23f4085387583293de4

PODFILE CHECKSUM: 59136af8703b15fac2d314cda1a1c5a92ed86667

COCOAPODS: 1.0.0.beta.6
