// !$*UTF8*$!
{
	archiveVersion = 1;
	classes = {
	};
	objectVersion = 46;
	objects = {

/* Begin PBXBuildFile section */
		02014D491CE0EBBA00E2A1DF /* UIAlertController+Error.m in Sources */ = {isa = PBXBuildFile; fileRef = 02014D481CE0EBBA00E2A1DF /* UIAlertController+Error.m */; };
		02014D501CE10B9100E2A1DF /* CSApiClient.m in Sources */ = {isa = PBXBuildFile; fileRef = 02014D4B1CE10B9100E2A1DF /* CSApiClient.m */; };
		02014D511CE10B9100E2A1DF /* CSJSONResponseSerializer.m in Sources */ = {isa = PBXBuildFile; fileRef = 02014D4D1CE10B9100E2A1DF /* CSJSONResponseSerializer.m */; };
		02014D521CE10B9100E2A1DF /* CSRequests.m in Sources */ = {isa = PBXBuildFile; fileRef = 02014D4F1CE10B9100E2A1DF /* CSRequests.m */; };
		02014D551CE10C3F00E2A1DF /* Configuration.plist in Resources */ = {isa = PBXBuildFile; fileRef = 02014D541CE10C3F00E2A1DF /* Configuration.plist */; };
		02014D581CE10C4900E2A1DF /* CSEnvironment.m in Sources */ = {isa = PBXBuildFile; fileRef = 02014D571CE10C4900E2A1DF /* CSEnvironment.m */; };
		020FD6271CF4DADE00823E50 /* CSWireFrame.m in Sources */ = {isa = PBXBuildFile; fileRef = 020FD6261CF4DADE00823E50 /* CSWireFrame.m */; };
		020FD62B1CF4F17000823E50 /* CSSplashViewController.m in Sources */ = {isa = PBXBuildFile; fileRef = 020FD62A1CF4F17000823E50 /* CSSplashViewController.m */; };
		020FD62E1CF4F6BD00823E50 /* CSSwitchActionSubjectParams.m in Sources */ = {isa = PBXBuildFile; fileRef = 020FD62D1CF4F6BD00823E50 /* CSSwitchActionSubjectParams.m */; };
		020FD6311CF4FA4500823E50 /* CSActionSubjectResponseSerializer.m in Sources */ = {isa = PBXBuildFile; fileRef = 020FD6301CF4FA4500823E50 /* CSActionSubjectResponseSerializer.m */; };
		021918031CDF49E500288736 /* CSTableViewCell.m in Sources */ = {isa = PBXBuildFile; fileRef = 021918021CDF49E500288736 /* CSTableViewCell.m */; };
		021918061CDF5D2B00288736 /* CSSwitchActionCell.m in Sources */ = {isa = PBXBuildFile; fileRef = 021918051CDF5D2B00288736 /* CSSwitchActionCell.m */; };
		021918091CDF62AE00288736 /* CSTimerActionCell.m in Sources */ = {isa = PBXBuildFile; fileRef = 021918081CDF62AE00288736 /* CSTimerActionCell.m */; };
		0219180C1CDF639A00288736 /* CSBeaconActionCell.m in Sources */ = {isa = PBXBuildFile; fileRef = 0219180B1CDF639A00288736 /* CSBeaconActionCell.m */; };
		0219180E1CDF658700288736 /* CSSwitchActionCell.xib in Resources */ = {isa = PBXBuildFile; fileRef = 0219180D1CDF658700288736 /* CSSwitchActionCell.xib */; };
		021918101CDF695000288736 /* CSTimerActionCell.xib in Resources */ = {isa = PBXBuildFile; fileRef = 0219180F1CDF695000288736 /* CSTimerActionCell.xib */; };
		021918121CDF698F00288736 /* CSBeaconActionCell.xib in Resources */ = {isa = PBXBuildFile; fileRef = 021918111CDF698F00288736 /* CSBeaconActionCell.xib */; };
		021918151CDF6C5200288736 /* CSSwitchActionCellViewModel.m in Sources */ = {isa = PBXBuildFile; fileRef = 021918141CDF6C5200288736 /* CSSwitchActionCellViewModel.m */; };
		021918181CDF6C6400288736 /* CSTimerActionCellViewModel.m in Sources */ = {isa = PBXBuildFile; fileRef = 021918171CDF6C6400288736 /* CSTimerActionCellViewModel.m */; };
		0219181B1CDF6C7300288736 /* CSBeaconActionCellViewModel.m in Sources */ = {isa = PBXBuildFile; fileRef = 0219181A1CDF6C7300288736 /* CSBeaconActionCellViewModel.m */; };
		0263297B1CFDD76300790EEF /* CSTimerTriggerDailyViewController.m in Sources */ = {isa = PBXBuildFile; fileRef = 0263297A1CFDD76300790EEF /* CSTimerTriggerDailyViewController.m */; };
		0263297F1CFDD7C000790EEF /* CSTimerTriggerWeeklyViewController.m in Sources */ = {isa = PBXBuildFile; fileRef = 0263297E1CFDD7C000790EEF /* CSTimerTriggerWeeklyViewController.m */; };
		026329831CFDDF7E00790EEF /* CSTimerTriggerPageManager.m in Sources */ = {isa = PBXBuildFile; fileRef = 026329821CFDDF7E00790EEF /* CSTimerTriggerPageManager.m */; };
		026C803E1CF391E6000C7599 /* CSLoginViewController.m in Sources */ = {isa = PBXBuildFile; fileRef = 026C803D1CF391E6000C7599 /* CSLoginViewController.m */; };
		026C80411CF391FE000C7599 /* CSLoginViewModel.m in Sources */ = {isa = PBXBuildFile; fileRef = 026C80401CF391FE000C7599 /* CSLoginViewModel.m */; };
		026C80451CF39B09000C7599 /* NSString+Validation.m in Sources */ = {isa = PBXBuildFile; fileRef = 026C80441CF39B09000C7599 /* NSString+Validation.m */; };
		02881A841D033989008E4A5A /* CSDocumentsManager.m in Sources */ = {isa = PBXBuildFile; fileRef = 02881A831D033989008E4A5A /* CSDocumentsManager.m */; };
		02979C121D0326130073EC2C /* CSActionManager.m in Sources */ = {isa = PBXBuildFile; fileRef = 02979C111D0326130073EC2C /* CSActionManager.m */; };
		029CE0B01CF2411C00F12334 /* CSActionType.m in Sources */ = {isa = PBXBuildFile; fileRef = 029CE0AF1CF2411C00F12334 /* CSActionType.m */; };
		02B881991CF1C5B90072D3A4 /* CSSessionsService.m in Sources */ = {isa = PBXBuildFile; fileRef = 02B881981CF1C5B90072D3A4 /* CSSessionsService.m */; };
		02B8819C1CF1C5CA0072D3A4 /* CSActionSubjectsService.m in Sources */ = {isa = PBXBuildFile; fileRef = 02B8819B1CF1C5CA0072D3A4 /* CSActionSubjectsService.m */; };
		02B8819F1CF1C5F20072D3A4 /* CSActionsService.m in Sources */ = {isa = PBXBuildFile; fileRef = 02B8819E1CF1C5F20072D3A4 /* CSActionsService.m */; };
		02B881A21CF1C70F0072D3A4 /* CSCreateActionParams.m in Sources */ = {isa = PBXBuildFile; fileRef = 02B881A11CF1C70F0072D3A4 /* CSCreateActionParams.m */; };
		02B881A51CF1C7350072D3A4 /* CSDeleteActionParams.m in Sources */ = {isa = PBXBuildFile; fileRef = 02B881A41CF1C7350072D3A4 /* CSDeleteActionParams.m */; };
		02B881A81CF1C7550072D3A4 /* CSLoginUserParams.m in Sources */ = {isa = PBXBuildFile; fileRef = 02B881A71CF1C7550072D3A4 /* CSLoginUserParams.m */; };
		02B881AB1CF1C9860072D3A4 /* CSUploadAction.m in Sources */ = {isa = PBXBuildFile; fileRef = 02B881AA1CF1C9860072D3A4 /* CSUploadAction.m */; };
		02B881AE1CF1D2AA0072D3A4 /* CSUser.m in Sources */ = {isa = PBXBuildFile; fileRef = 02B881AD1CF1D2AA0072D3A4 /* CSUser.m */; };
		02B881B11CF1D4230072D3A4 /* CSUserResponseSerializer.m in Sources */ = {isa = PBXBuildFile; fileRef = 02B881B01CF1D4230072D3A4 /* CSUserResponseSerializer.m */; };
		02B881B41CF1D43D0072D3A4 /* CSActionSubjectsResponseSerializer.m in Sources */ = {isa = PBXBuildFile; fileRef = 02B881B31CF1D43D0072D3A4 /* CSActionSubjectsResponseSerializer.m */; };
		02B881B71CF1D4550072D3A4 /* CSActionResponseSerializer.m in Sources */ = {isa = PBXBuildFile; fileRef = 02B881B61CF1D4550072D3A4 /* CSActionResponseSerializer.m */; };
		02B881BA1CF1D4600072D3A4 /* CSActionsResponseSerializer.m in Sources */ = {isa = PBXBuildFile; fileRef = 02B881B91CF1D4600072D3A4 /* CSActionsResponseSerializer.m */; };
		02B881BD1CF1F7170072D3A4 /* CSAccount.m in Sources */ = {isa = PBXBuildFile; fileRef = 02B881BC1CF1F7170072D3A4 /* CSAccount.m */; };
		02BF44B31D003E4500D88822 /* CSTimerTriggerWeeklyViewModel.m in Sources */ = {isa = PBXBuildFile; fileRef = 02BF44B21D003E4500D88822 /* CSTimerTriggerWeeklyViewModel.m */; };
		02BF44B71D00674A00D88822 /* CSNumberPicker.m in Sources */ = {isa = PBXBuildFile; fileRef = 02BF44B61D00674A00D88822 /* CSNumberPicker.m */; };
		02BF44BB1D006C5F00D88822 /* CSTimerTriggerDailyViewModel.m in Sources */ = {isa = PBXBuildFile; fileRef = 02BF44BA1D006C5F00D88822 /* CSTimerTriggerDailyViewModel.m */; };
		02DDA23C1CDF6D370096E3DF /* CSAction.m in Sources */ = {isa = PBXBuildFile; fileRef = 02DDA23B1CDF6D370096E3DF /* CSAction.m */; };
		02DDA23F1CDF6DA70096E3DF /* CSActionTrigger.m in Sources */ = {isa = PBXBuildFile; fileRef = 02DDA23E1CDF6DA70096E3DF /* CSActionTrigger.m */; };
		02DDA2421CDF6DB20096E3DF /* CSActionSubject.m in Sources */ = {isa = PBXBuildFile; fileRef = 02DDA2411CDF6DB20096E3DF /* CSActionSubject.m */; };
		02DDA2531CDF90D60096E3DF /* CSSmartHouseTableViewController.m in Sources */ = {isa = PBXBuildFile; fileRef = 02DDA2521CDF90D60096E3DF /* CSSmartHouseTableViewController.m */; };
		02DDA2561CDF90F30096E3DF /* CSSmartHouseViewModel.m in Sources */ = {isa = PBXBuildFile; fileRef = 02DDA2551CDF90F30096E3DF /* CSSmartHouseViewModel.m */; };
		02DDA2591CDF915A0096E3DF /* CSAddActionViewController.m in Sources */ = {isa = PBXBuildFile; fileRef = 02DDA2581CDF915A0096E3DF /* CSAddActionViewController.m */; };
		02DDA25D1CDF91C10096E3DF /* CSPickSubjectViewController.m in Sources */ = {isa = PBXBuildFile; fileRef = 02DDA25C1CDF91C10096E3DF /* CSPickSubjectViewController.m */; };
		02DDA2611CDF92EB0096E3DF /* CSPickSubjectViewModel.m in Sources */ = {isa = PBXBuildFile; fileRef = 02DDA2601CDF92EB0096E3DF /* CSPickSubjectViewModel.m */; };
		02DDA2651CDF94120096E3DF /* CSPickSubjectCell.m in Sources */ = {isa = PBXBuildFile; fileRef = 02DDA2641CDF94120096E3DF /* CSPickSubjectCell.m */; };
		02DDA2671CDF94390096E3DF /* CSPickSubjectCell.xib in Resources */ = {isa = PBXBuildFile; fileRef = 02DDA2661CDF94390096E3DF /* CSPickSubjectCell.xib */; };
		02DDA26A1CDF981E0096E3DF /* CSPickSubjectCellViewModel.m in Sources */ = {isa = PBXBuildFile; fileRef = 02DDA2691CDF981E0096E3DF /* CSPickSubjectCellViewModel.m */; };
		02DDA26E1CDFA72E0096E3DF /* CSAddActionViewModel.m in Sources */ = {isa = PBXBuildFile; fileRef = 02DDA26D1CDFA72E0096E3DF /* CSAddActionViewModel.m */; };
		02DDA2751CDFA7AA0096E3DF /* CSPickerView.m in Sources */ = {isa = PBXBuildFile; fileRef = 02DDA2741CDFA7AA0096E3DF /* CSPickerView.m */; };
		02E52D0E1CFEBD910075B4E6 /* CSDailyTimerActionTrigger.m in Sources */ = {isa = PBXBuildFile; fileRef = 02E52D0D1CFEBD910075B4E6 /* CSDailyTimerActionTrigger.m */; };
		02E52D111CFEBDA30075B4E6 /* CSWeeklyTimerActionTrigger.m in Sources */ = {isa = PBXBuildFile; fileRef = 02E52D101CFEBDA30075B4E6 /* CSWeeklyTimerActionTrigger.m */; };
		02E52D141CFEBDCB0075B4E6 /* CSBeaconActionTrigger.m in Sources */ = {isa = PBXBuildFile; fileRef = 02E52D131CFEBDCB0075B4E6 /* CSBeaconActionTrigger.m */; };
		02E52D171CFEBDDF0075B4E6 /* CSSwitchActionTrigger.m in Sources */ = {isa = PBXBuildFile; fileRef = 02E52D161CFEBDDF0075B4E6 /* CSSwitchActionTrigger.m */; };
		02E52D1A1CFECB530075B4E6 /* CSTimerTriggerConfiguration.m in Sources */ = {isa = PBXBuildFile; fileRef = 02E52D191CFECB530075B4E6 /* CSTimerTriggerConfiguration.m */; };
		02E52D1D1CFEE1940075B4E6 /* CSHourPicker.m in Sources */ = {isa = PBXBuildFile; fileRef = 02E52D1C1CFEE1940075B4E6 /* CSHourPicker.m */; };
		02E52D201CFEE70D0075B4E6 /* CSDateFormatter.m in Sources */ = {isa = PBXBuildFile; fileRef = 02E52D1F1CFEE70D0075B4E6 /* CSDateFormatter.m */; };
		B797686FE309D9D4DBC57095 /* libPods-smarthouse.a in Frameworks */ = {isa = PBXBuildFile; fileRef = B1E15C8B28FBA5DA39332054 /* libPods-smarthouse.a */; };
		BD304C8118E672EA0034105E /* CSDummySpec.m in Sources */ = {isa = PBXBuildFile; fileRef = BD304C8018E672EA0034105E /* CSDummySpec.m */; };
		BD304C8318E77F7E0034105E /* Settings.bundle in Resources */ = {isa = PBXBuildFile; fileRef = BD304C8218E77F7E0034105E /* Settings.bundle */; };
		BD6951CF18EA4B0800F2F410 /* main.m in Sources */ = {isa = PBXBuildFile; fileRef = BD6951CE18EA4B0800F2F410 /* main.m */; };
		BD934CD419C211F600B48551 /* AssetCatalogIdentifiers.m in Sources */ = {isa = PBXBuildFile; fileRef = BD934CD119C211F600B48551 /* AssetCatalogIdentifiers.m */; };
		BD934CD519C211F600B48551 /* StoryboardIdentifiers.m in Sources */ = {isa = PBXBuildFile; fileRef = BD934CD319C211F600B48551 /* StoryboardIdentifiers.m */; };
		BDDB996318C3943B003EBC42 /* CSAppDelegate.m in Sources */ = {isa = PBXBuildFile; fileRef = BDDB996218C3943B003EBC42 /* CSAppDelegate.m */; };
		BDDB996E18C3943B003EBC42 /* Images.xcassets in Resources */ = {isa = PBXBuildFile; fileRef = BDDB996D18C3943B003EBC42 /* Images.xcassets */; };
		BDF68AF11B713C3400153C8D /* Main.storyboard in Resources */ = {isa = PBXBuildFile; fileRef = BDF68AF01B713C3400153C8D /* Main.storyboard */; };
		BDF68AF31B713C6200153C8D /* LaunchScreen.xib in Resources */ = {isa = PBXBuildFile; fileRef = BDF68AF21B713C6200153C8D /* LaunchScreen.xib */; };
/* End PBXBuildFile section */

/* Begin PBXContainerItemProxy section */
		BDDB997818C3943B003EBC42 /* PBXContainerItemProxy */ = {
			isa = PBXContainerItemProxy;
			containerPortal = BDDB994718C3943B003EBC42 /* Project object */;
			proxyType = 1;
			remoteGlobalIDString = BDDB994E18C3943B003EBC42;
			remoteInfo = smarthouse;
		};
/* End PBXContainerItemProxy section */

/* Begin PBXFileReference section */
		02014D471CE0EBBA00E2A1DF /* UIAlertController+Error.h */ = {isa = PBXFileReference; fileEncoding = 4; lastKnownFileType = sourcecode.c.h; path = "UIAlertController+Error.h"; sourceTree = "<group>"; };
		02014D481CE0EBBA00E2A1DF /* UIAlertController+Error.m */ = {isa = PBXFileReference; fileEncoding = 4; lastKnownFileType = sourcecode.c.objc; path = "UIAlertController+Error.m"; sourceTree = "<group>"; };
		02014D4A1CE10B9100E2A1DF /* CSApiClient.h */ = {isa = PBXFileReference; fileEncoding = 4; lastKnownFileType = sourcecode.c.h; name = CSApiClient.h; path = API/CSApiClient.h; sourceTree = "<group>"; };
		02014D4B1CE10B9100E2A1DF /* CSApiClient.m */ = {isa = PBXFileReference; fileEncoding = 4; lastKnownFileType = sourcecode.c.objc; name = CSApiClient.m; path = API/CSApiClient.m; sourceTree = "<group>"; };
		02014D4C1CE10B9100E2A1DF /* CSJSONResponseSerializer.h */ = {isa = PBXFileReference; fileEncoding = 4; lastKnownFileType = sourcecode.c.h; name = CSJSONResponseSerializer.h; path = API/CSJSONResponseSerializer.h; sourceTree = "<group>"; };
		02014D4D1CE10B9100E2A1DF /* CSJSONResponseSerializer.m */ = {isa = PBXFileReference; fileEncoding = 4; lastKnownFileType = sourcecode.c.objc; name = CSJSONResponseSerializer.m; path = API/CSJSONResponseSerializer.m; sourceTree = "<group>"; };
		02014D4E1CE10B9100E2A1DF /* CSRequests.h */ = {isa = PBXFileReference; fileEncoding = 4; lastKnownFileType = sourcecode.c.h; name = CSRequests.h; path = API/CSRequests.h; sourceTree = "<group>"; };
		02014D4F1CE10B9100E2A1DF /* CSRequests.m */ = {isa = PBXFileReference; fileEncoding = 4; lastKnownFileType = sourcecode.c.objc; name = CSRequests.m; path = API/CSRequests.m; sourceTree = "<group>"; };
		02014D541CE10C3F00E2A1DF /* Configuration.plist */ = {isa = PBXFileReference; fileEncoding = 4; lastKnownFileType = text.plist.xml; path = Configuration.plist; sourceTree = "<group>"; };
		02014D561CE10C4900E2A1DF /* CSEnvironment.h */ = {isa = PBXFileReference; fileEncoding = 4; lastKnownFileType = sourcecode.c.h; path = CSEnvironment.h; sourceTree = "<group>"; };
		02014D571CE10C4900E2A1DF /* CSEnvironment.m */ = {isa = PBXFileReference; fileEncoding = 4; lastKnownFileType = sourcecode.c.objc; path = CSEnvironment.m; sourceTree = "<group>"; };
		02014D5E1CE10D6300E2A1DF /* CSRequestParamsProtocol.h */ = {isa = PBXFileReference; lastKnownFileType = sourcecode.c.h; path = CSRequestParamsProtocol.h; sourceTree = "<group>"; };
		020FD6251CF4DADE00823E50 /* CSWireFrame.h */ = {isa = PBXFileReference; fileEncoding = 4; lastKnownFileType = sourcecode.c.h; path = CSWireFrame.h; sourceTree = "<group>"; };
		020FD6261CF4DADE00823E50 /* CSWireFrame.m */ = {isa = PBXFileReference; fileEncoding = 4; lastKnownFileType = sourcecode.c.objc; path = CSWireFrame.m; sourceTree = "<group>"; };
		020FD6291CF4F17000823E50 /* CSSplashViewController.h */ = {isa = PBXFileReference; fileEncoding = 4; lastKnownFileType = sourcecode.c.h; path = CSSplashViewController.h; sourceTree = "<group>"; };
		020FD62A1CF4F17000823E50 /* CSSplashViewController.m */ = {isa = PBXFileReference; fileEncoding = 4; lastKnownFileType = sourcecode.c.objc; path = CSSplashViewController.m; sourceTree = "<group>"; };
		020FD62C1CF4F6BD00823E50 /* CSSwitchActionSubjectParams.h */ = {isa = PBXFileReference; fileEncoding = 4; lastKnownFileType = sourcecode.c.h; path = CSSwitchActionSubjectParams.h; sourceTree = "<group>"; };
		020FD62D1CF4F6BD00823E50 /* CSSwitchActionSubjectParams.m */ = {isa = PBXFileReference; fileEncoding = 4; lastKnownFileType = sourcecode.c.objc; path = CSSwitchActionSubjectParams.m; sourceTree = "<group>"; };
		020FD62F1CF4FA4500823E50 /* CSActionSubjectResponseSerializer.h */ = {isa = PBXFileReference; fileEncoding = 4; lastKnownFileType = sourcecode.c.h; path = CSActionSubjectResponseSerializer.h; sourceTree = "<group>"; };
		020FD6301CF4FA4500823E50 /* CSActionSubjectResponseSerializer.m */ = {isa = PBXFileReference; fileEncoding = 4; lastKnownFileType = sourcecode.c.objc; path = CSActionSubjectResponseSerializer.m; sourceTree = "<group>"; };
		021918011CDF49E500288736 /* CSTableViewCell.h */ = {isa = PBXFileReference; fileEncoding = 4; lastKnownFileType = sourcecode.c.h; path = CSTableViewCell.h; sourceTree = "<group>"; };
		021918021CDF49E500288736 /* CSTableViewCell.m */ = {isa = PBXFileReference; fileEncoding = 4; lastKnownFileType = sourcecode.c.objc; path = CSTableViewCell.m; sourceTree = "<group>"; };
		021918041CDF5D2B00288736 /* CSSwitchActionCell.h */ = {isa = PBXFileReference; fileEncoding = 4; lastKnownFileType = sourcecode.c.h; path = CSSwitchActionCell.h; sourceTree = "<group>"; };
		021918051CDF5D2B00288736 /* CSSwitchActionCell.m */ = {isa = PBXFileReference; fileEncoding = 4; lastKnownFileType = sourcecode.c.objc; path = CSSwitchActionCell.m; sourceTree = "<group>"; };
		021918071CDF62AE00288736 /* CSTimerActionCell.h */ = {isa = PBXFileReference; fileEncoding = 4; lastKnownFileType = sourcecode.c.h; path = CSTimerActionCell.h; sourceTree = "<group>"; };
		021918081CDF62AE00288736 /* CSTimerActionCell.m */ = {isa = PBXFileReference; fileEncoding = 4; lastKnownFileType = sourcecode.c.objc; path = CSTimerActionCell.m; sourceTree = "<group>"; };
		0219180A1CDF639A00288736 /* CSBeaconActionCell.h */ = {isa = PBXFileReference; fileEncoding = 4; lastKnownFileType = sourcecode.c.h; path = CSBeaconActionCell.h; sourceTree = "<group>"; };
		0219180B1CDF639A00288736 /* CSBeaconActionCell.m */ = {isa = PBXFileReference; fileEncoding = 4; lastKnownFileType = sourcecode.c.objc; path = CSBeaconActionCell.m; sourceTree = "<group>"; };
		0219180D1CDF658700288736 /* CSSwitchActionCell.xib */ = {isa = PBXFileReference; fileEncoding = 4; lastKnownFileType = file.xib; path = CSSwitchActionCell.xib; sourceTree = "<group>"; };
		0219180F1CDF695000288736 /* CSTimerActionCell.xib */ = {isa = PBXFileReference; fileEncoding = 4; lastKnownFileType = file.xib; path = CSTimerActionCell.xib; sourceTree = "<group>"; };
		021918111CDF698F00288736 /* CSBeaconActionCell.xib */ = {isa = PBXFileReference; fileEncoding = 4; lastKnownFileType = file.xib; path = CSBeaconActionCell.xib; sourceTree = "<group>"; };
		021918131CDF6C5200288736 /* CSSwitchActionCellViewModel.h */ = {isa = PBXFileReference; fileEncoding = 4; lastKnownFileType = sourcecode.c.h; path = CSSwitchActionCellViewModel.h; sourceTree = "<group>"; };
		021918141CDF6C5200288736 /* CSSwitchActionCellViewModel.m */ = {isa = PBXFileReference; fileEncoding = 4; lastKnownFileType = sourcecode.c.objc; path = CSSwitchActionCellViewModel.m; sourceTree = "<group>"; };
		021918161CDF6C6400288736 /* CSTimerActionCellViewModel.h */ = {isa = PBXFileReference; fileEncoding = 4; lastKnownFileType = sourcecode.c.h; path = CSTimerActionCellViewModel.h; sourceTree = "<group>"; };
		021918171CDF6C6400288736 /* CSTimerActionCellViewModel.m */ = {isa = PBXFileReference; fileEncoding = 4; lastKnownFileType = sourcecode.c.objc; path = CSTimerActionCellViewModel.m; sourceTree = "<group>"; };
		021918191CDF6C7300288736 /* CSBeaconActionCellViewModel.h */ = {isa = PBXFileReference; fileEncoding = 4; lastKnownFileType = sourcecode.c.h; path = CSBeaconActionCellViewModel.h; sourceTree = "<group>"; };
		0219181A1CDF6C7300288736 /* CSBeaconActionCellViewModel.m */ = {isa = PBXFileReference; fileEncoding = 4; lastKnownFileType = sourcecode.c.objc; path = CSBeaconActionCellViewModel.m; sourceTree = "<group>"; };
		026329791CFDD76300790EEF /* CSTimerTriggerDailyViewController.h */ = {isa = PBXFileReference; fileEncoding = 4; lastKnownFileType = sourcecode.c.h; path = CSTimerTriggerDailyViewController.h; sourceTree = "<group>"; };
		0263297A1CFDD76300790EEF /* CSTimerTriggerDailyViewController.m */ = {isa = PBXFileReference; fileEncoding = 4; lastKnownFileType = sourcecode.c.objc; path = CSTimerTriggerDailyViewController.m; sourceTree = "<group>"; };
		0263297D1CFDD7C000790EEF /* CSTimerTriggerWeeklyViewController.h */ = {isa = PBXFileReference; fileEncoding = 4; lastKnownFileType = sourcecode.c.h; path = CSTimerTriggerWeeklyViewController.h; sourceTree = "<group>"; };
		0263297E1CFDD7C000790EEF /* CSTimerTriggerWeeklyViewController.m */ = {isa = PBXFileReference; fileEncoding = 4; lastKnownFileType = sourcecode.c.objc; path = CSTimerTriggerWeeklyViewController.m; sourceTree = "<group>"; };
		026329811CFDDF7E00790EEF /* CSTimerTriggerPageManager.h */ = {isa = PBXFileReference; fileEncoding = 4; lastKnownFileType = sourcecode.c.h; path = CSTimerTriggerPageManager.h; sourceTree = "<group>"; };
		026329821CFDDF7E00790EEF /* CSTimerTriggerPageManager.m */ = {isa = PBXFileReference; fileEncoding = 4; lastKnownFileType = sourcecode.c.objc; path = CSTimerTriggerPageManager.m; sourceTree = "<group>"; };
		026C803C1CF391E6000C7599 /* CSLoginViewController.h */ = {isa = PBXFileReference; fileEncoding = 4; lastKnownFileType = sourcecode.c.h; path = CSLoginViewController.h; sourceTree = "<group>"; };
		026C803D1CF391E6000C7599 /* CSLoginViewController.m */ = {isa = PBXFileReference; fileEncoding = 4; lastKnownFileType = sourcecode.c.objc; path = CSLoginViewController.m; sourceTree = "<group>"; };
		026C803F1CF391FE000C7599 /* CSLoginViewModel.h */ = {isa = PBXFileReference; fileEncoding = 4; lastKnownFileType = sourcecode.c.h; path = CSLoginViewModel.h; sourceTree = "<group>"; };
		026C80401CF391FE000C7599 /* CSLoginViewModel.m */ = {isa = PBXFileReference; fileEncoding = 4; lastKnownFileType = sourcecode.c.objc; path = CSLoginViewModel.m; sourceTree = "<group>"; };
		026C80431CF39B09000C7599 /* NSString+Validation.h */ = {isa = PBXFileReference; fileEncoding = 4; lastKnownFileType = sourcecode.c.h; path = "NSString+Validation.h"; sourceTree = "<group>"; };
		026C80441CF39B09000C7599 /* NSString+Validation.m */ = {isa = PBXFileReference; fileEncoding = 4; lastKnownFileType = sourcecode.c.objc; path = "NSString+Validation.m"; sourceTree = "<group>"; };
		02881A821D033989008E4A5A /* CSDocumentsManager.h */ = {isa = PBXFileReference; fileEncoding = 4; lastKnownFileType = sourcecode.c.h; path = CSDocumentsManager.h; sourceTree = "<group>"; };
		02881A831D033989008E4A5A /* CSDocumentsManager.m */ = {isa = PBXFileReference; fileEncoding = 4; lastKnownFileType = sourcecode.c.objc; path = CSDocumentsManager.m; sourceTree = "<group>"; };
		02979C101D0326130073EC2C /* CSActionManager.h */ = {isa = PBXFileReference; fileEncoding = 4; lastKnownFileType = sourcecode.c.h; path = CSActionManager.h; sourceTree = "<group>"; };
		02979C111D0326130073EC2C /* CSActionManager.m */ = {isa = PBXFileReference; fileEncoding = 4; lastKnownFileType = sourcecode.c.objc; path = CSActionManager.m; sourceTree = "<group>"; };
		029CE0AE1CF2411C00F12334 /* CSActionType.h */ = {isa = PBXFileReference; fileEncoding = 4; lastKnownFileType = sourcecode.c.h; path = CSActionType.h; sourceTree = "<group>"; };
		029CE0AF1CF2411C00F12334 /* CSActionType.m */ = {isa = PBXFileReference; fileEncoding = 4; lastKnownFileType = sourcecode.c.objc; path = CSActionType.m; sourceTree = "<group>"; };
		02B881971CF1C5B90072D3A4 /* CSSessionsService.h */ = {isa = PBXFileReference; fileEncoding = 4; lastKnownFileType = sourcecode.c.h; path = CSSessionsService.h; sourceTree = "<group>"; };
		02B881981CF1C5B90072D3A4 /* CSSessionsService.m */ = {isa = PBXFileReference; fileEncoding = 4; lastKnownFileType = sourcecode.c.objc; path = CSSessionsService.m; sourceTree = "<group>"; };
		02B8819A1CF1C5CA0072D3A4 /* CSActionSubjectsService.h */ = {isa = PBXFileReference; fileEncoding = 4; lastKnownFileType = sourcecode.c.h; path = CSActionSubjectsService.h; sourceTree = "<group>"; };
		02B8819B1CF1C5CA0072D3A4 /* CSActionSubjectsService.m */ = {isa = PBXFileReference; fileEncoding = 4; lastKnownFileType = sourcecode.c.objc; path = CSActionSubjectsService.m; sourceTree = "<group>"; };
		02B8819D1CF1C5F20072D3A4 /* CSActionsService.h */ = {isa = PBXFileReference; fileEncoding = 4; lastKnownFileType = sourcecode.c.h; path = CSActionsService.h; sourceTree = "<group>"; };
		02B8819E1CF1C5F20072D3A4 /* CSActionsService.m */ = {isa = PBXFileReference; fileEncoding = 4; lastKnownFileType = sourcecode.c.objc; path = CSActionsService.m; sourceTree = "<group>"; };
		02B881A01CF1C70F0072D3A4 /* CSCreateActionParams.h */ = {isa = PBXFileReference; fileEncoding = 4; lastKnownFileType = sourcecode.c.h; path = CSCreateActionParams.h; sourceTree = "<group>"; };
		02B881A11CF1C70F0072D3A4 /* CSCreateActionParams.m */ = {isa = PBXFileReference; fileEncoding = 4; lastKnownFileType = sourcecode.c.objc; path = CSCreateActionParams.m; sourceTree = "<group>"; };
		02B881A31CF1C7350072D3A4 /* CSDeleteActionParams.h */ = {isa = PBXFileReference; fileEncoding = 4; lastKnownFileType = sourcecode.c.h; path = CSDeleteActionParams.h; sourceTree = "<group>"; };
		02B881A41CF1C7350072D3A4 /* CSDeleteActionParams.m */ = {isa = PBXFileReference; fileEncoding = 4; lastKnownFileType = sourcecode.c.objc; path = CSDeleteActionParams.m; sourceTree = "<group>"; };
		02B881A61CF1C7550072D3A4 /* CSLoginUserParams.h */ = {isa = PBXFileReference; fileEncoding = 4; lastKnownFileType = sourcecode.c.h; path = CSLoginUserParams.h; sourceTree = "<group>"; };
		02B881A71CF1C7550072D3A4 /* CSLoginUserParams.m */ = {isa = PBXFileReference; fileEncoding = 4; lastKnownFileType = sourcecode.c.objc; path = CSLoginUserParams.m; sourceTree = "<group>"; };
		02B881A91CF1C9860072D3A4 /* CSUploadAction.h */ = {isa = PBXFileReference; fileEncoding = 4; lastKnownFileType = sourcecode.c.h; path = CSUploadAction.h; sourceTree = "<group>"; };
		02B881AA1CF1C9860072D3A4 /* CSUploadAction.m */ = {isa = PBXFileReference; fileEncoding = 4; lastKnownFileType = sourcecode.c.objc; path = CSUploadAction.m; sourceTree = "<group>"; };
		02B881AC1CF1D2AA0072D3A4 /* CSUser.h */ = {isa = PBXFileReference; fileEncoding = 4; lastKnownFileType = sourcecode.c.h; path = CSUser.h; sourceTree = "<group>"; };
		02B881AD1CF1D2AA0072D3A4 /* CSUser.m */ = {isa = PBXFileReference; fileEncoding = 4; lastKnownFileType = sourcecode.c.objc; path = CSUser.m; sourceTree = "<group>"; };
		02B881AF1CF1D4230072D3A4 /* CSUserResponseSerializer.h */ = {isa = PBXFileReference; fileEncoding = 4; lastKnownFileType = sourcecode.c.h; path = CSUserResponseSerializer.h; sourceTree = "<group>"; };
		02B881B01CF1D4230072D3A4 /* CSUserResponseSerializer.m */ = {isa = PBXFileReference; fileEncoding = 4; lastKnownFileType = sourcecode.c.objc; path = CSUserResponseSerializer.m; sourceTree = "<group>"; };
		02B881B21CF1D43D0072D3A4 /* CSActionSubjectsResponseSerializer.h */ = {isa = PBXFileReference; fileEncoding = 4; lastKnownFileType = sourcecode.c.h; path = CSActionSubjectsResponseSerializer.h; sourceTree = "<group>"; };
		02B881B31CF1D43D0072D3A4 /* CSActionSubjectsResponseSerializer.m */ = {isa = PBXFileReference; fileEncoding = 4; lastKnownFileType = sourcecode.c.objc; path = CSActionSubjectsResponseSerializer.m; sourceTree = "<group>"; };
		02B881B51CF1D4550072D3A4 /* CSActionResponseSerializer.h */ = {isa = PBXFileReference; fileEncoding = 4; lastKnownFileType = sourcecode.c.h; path = CSActionResponseSerializer.h; sourceTree = "<group>"; };
		02B881B61CF1D4550072D3A4 /* CSActionResponseSerializer.m */ = {isa = PBXFileReference; fileEncoding = 4; lastKnownFileType = sourcecode.c.objc; path = CSActionResponseSerializer.m; sourceTree = "<group>"; };
		02B881B81CF1D4600072D3A4 /* CSActionsResponseSerializer.h */ = {isa = PBXFileReference; fileEncoding = 4; lastKnownFileType = sourcecode.c.h; path = CSActionsResponseSerializer.h; sourceTree = "<group>"; };
		02B881B91CF1D4600072D3A4 /* CSActionsResponseSerializer.m */ = {isa = PBXFileReference; fileEncoding = 4; lastKnownFileType = sourcecode.c.objc; path = CSActionsResponseSerializer.m; sourceTree = "<group>"; };
		02B881BB1CF1F7170072D3A4 /* CSAccount.h */ = {isa = PBXFileReference; fileEncoding = 4; lastKnownFileType = sourcecode.c.h; path = CSAccount.h; sourceTree = "<group>"; };
		02B881BC1CF1F7170072D3A4 /* CSAccount.m */ = {isa = PBXFileReference; fileEncoding = 4; lastKnownFileType = sourcecode.c.objc; path = CSAccount.m; sourceTree = "<group>"; };
		02BF44B11D003E4500D88822 /* CSTimerTriggerWeeklyViewModel.h */ = {isa = PBXFileReference; fileEncoding = 4; lastKnownFileType = sourcecode.c.h; path = CSTimerTriggerWeeklyViewModel.h; sourceTree = "<group>"; };
		02BF44B21D003E4500D88822 /* CSTimerTriggerWeeklyViewModel.m */ = {isa = PBXFileReference; fileEncoding = 4; lastKnownFileType = sourcecode.c.objc; path = CSTimerTriggerWeeklyViewModel.m; sourceTree = "<group>"; };
		02BF44B51D00674A00D88822 /* CSNumberPicker.h */ = {isa = PBXFileReference; fileEncoding = 4; lastKnownFileType = sourcecode.c.h; path = CSNumberPicker.h; sourceTree = "<group>"; };
		02BF44B61D00674A00D88822 /* CSNumberPicker.m */ = {isa = PBXFileReference; fileEncoding = 4; lastKnownFileType = sourcecode.c.objc; path = CSNumberPicker.m; sourceTree = "<group>"; };
		02BF44B91D006C5F00D88822 /* CSTimerTriggerDailyViewModel.h */ = {isa = PBXFileReference; fileEncoding = 4; lastKnownFileType = sourcecode.c.h; path = CSTimerTriggerDailyViewModel.h; sourceTree = "<group>"; };
		02BF44BA1D006C5F00D88822 /* CSTimerTriggerDailyViewModel.m */ = {isa = PBXFileReference; fileEncoding = 4; lastKnownFileType = sourcecode.c.objc; path = CSTimerTriggerDailyViewModel.m; sourceTree = "<group>"; };
		02BF44BF1D007C2000D88822 /* CSTimerTriggerBuilderPageProtocol.h */ = {isa = PBXFileReference; fileEncoding = 4; lastKnownFileType = sourcecode.c.h; path = CSTimerTriggerBuilderPageProtocol.h; sourceTree = "<group>"; };
		02DDA23A1CDF6D370096E3DF /* CSAction.h */ = {isa = PBXFileReference; fileEncoding = 4; lastKnownFileType = sourcecode.c.h; path = CSAction.h; sourceTree = "<group>"; };
		02DDA23B1CDF6D370096E3DF /* CSAction.m */ = {isa = PBXFileReference; fileEncoding = 4; lastKnownFileType = sourcecode.c.objc; path = CSAction.m; sourceTree = "<group>"; };
		02DDA23D1CDF6DA70096E3DF /* CSActionTrigger.h */ = {isa = PBXFileReference; fileEncoding = 4; lastKnownFileType = sourcecode.c.h; path = CSActionTrigger.h; sourceTree = "<group>"; };
		02DDA23E1CDF6DA70096E3DF /* CSActionTrigger.m */ = {isa = PBXFileReference; fileEncoding = 4; lastKnownFileType = sourcecode.c.objc; path = CSActionTrigger.m; sourceTree = "<group>"; };
		02DDA2401CDF6DB20096E3DF /* CSActionSubject.h */ = {isa = PBXFileReference; fileEncoding = 4; lastKnownFileType = sourcecode.c.h; path = CSActionSubject.h; sourceTree = "<group>"; };
		02DDA2411CDF6DB20096E3DF /* CSActionSubject.m */ = {isa = PBXFileReference; fileEncoding = 4; lastKnownFileType = sourcecode.c.objc; path = CSActionSubject.m; sourceTree = "<group>"; };
		02DDA2511CDF90D60096E3DF /* CSSmartHouseTableViewController.h */ = {isa = PBXFileReference; fileEncoding = 4; lastKnownFileType = sourcecode.c.h; path = CSSmartHouseTableViewController.h; sourceTree = "<group>"; };
		02DDA2521CDF90D60096E3DF /* CSSmartHouseTableViewController.m */ = {isa = PBXFileReference; fileEncoding = 4; lastKnownFileType = sourcecode.c.objc; path = CSSmartHouseTableViewController.m; sourceTree = "<group>"; };
		02DDA2541CDF90F30096E3DF /* CSSmartHouseViewModel.h */ = {isa = PBXFileReference; fileEncoding = 4; lastKnownFileType = sourcecode.c.h; path = CSSmartHouseViewModel.h; sourceTree = "<group>"; };
		02DDA2551CDF90F30096E3DF /* CSSmartHouseViewModel.m */ = {isa = PBXFileReference; fileEncoding = 4; lastKnownFileType = sourcecode.c.objc; path = CSSmartHouseViewModel.m; sourceTree = "<group>"; };
		02DDA2571CDF915A0096E3DF /* CSAddActionViewController.h */ = {isa = PBXFileReference; fileEncoding = 4; lastKnownFileType = sourcecode.c.h; path = CSAddActionViewController.h; sourceTree = "<group>"; };
		02DDA2581CDF915A0096E3DF /* CSAddActionViewController.m */ = {isa = PBXFileReference; fileEncoding = 4; lastKnownFileType = sourcecode.c.objc; path = CSAddActionViewController.m; sourceTree = "<group>"; };
		02DDA25B1CDF91C10096E3DF /* CSPickSubjectViewController.h */ = {isa = PBXFileReference; fileEncoding = 4; lastKnownFileType = sourcecode.c.h; path = CSPickSubjectViewController.h; sourceTree = "<group>"; };
		02DDA25C1CDF91C10096E3DF /* CSPickSubjectViewController.m */ = {isa = PBXFileReference; fileEncoding = 4; lastKnownFileType = sourcecode.c.objc; path = CSPickSubjectViewController.m; sourceTree = "<group>"; };
		02DDA25F1CDF92EB0096E3DF /* CSPickSubjectViewModel.h */ = {isa = PBXFileReference; fileEncoding = 4; lastKnownFileType = sourcecode.c.h; path = CSPickSubjectViewModel.h; sourceTree = "<group>"; };
		02DDA2601CDF92EB0096E3DF /* CSPickSubjectViewModel.m */ = {isa = PBXFileReference; fileEncoding = 4; lastKnownFileType = sourcecode.c.objc; path = CSPickSubjectViewModel.m; sourceTree = "<group>"; };
		02DDA2631CDF94120096E3DF /* CSPickSubjectCell.h */ = {isa = PBXFileReference; fileEncoding = 4; lastKnownFileType = sourcecode.c.h; path = CSPickSubjectCell.h; sourceTree = "<group>"; };
		02DDA2641CDF94120096E3DF /* CSPickSubjectCell.m */ = {isa = PBXFileReference; fileEncoding = 4; lastKnownFileType = sourcecode.c.objc; path = CSPickSubjectCell.m; sourceTree = "<group>"; };
		02DDA2661CDF94390096E3DF /* CSPickSubjectCell.xib */ = {isa = PBXFileReference; fileEncoding = 4; lastKnownFileType = file.xib; path = CSPickSubjectCell.xib; sourceTree = "<group>"; };
		02DDA2681CDF981E0096E3DF /* CSPickSubjectCellViewModel.h */ = {isa = PBXFileReference; fileEncoding = 4; lastKnownFileType = sourcecode.c.h; path = CSPickSubjectCellViewModel.h; sourceTree = "<group>"; };
		02DDA2691CDF981E0096E3DF /* CSPickSubjectCellViewModel.m */ = {isa = PBXFileReference; fileEncoding = 4; lastKnownFileType = sourcecode.c.objc; path = CSPickSubjectCellViewModel.m; sourceTree = "<group>"; };
		02DDA26C1CDFA72E0096E3DF /* CSAddActionViewModel.h */ = {isa = PBXFileReference; fileEncoding = 4; lastKnownFileType = sourcecode.c.h; path = CSAddActionViewModel.h; sourceTree = "<group>"; };
		02DDA26D1CDFA72E0096E3DF /* CSAddActionViewModel.m */ = {isa = PBXFileReference; fileEncoding = 4; lastKnownFileType = sourcecode.c.objc; path = CSAddActionViewModel.m; sourceTree = "<group>"; };
		02DDA2731CDFA7AA0096E3DF /* CSPickerView.h */ = {isa = PBXFileReference; fileEncoding = 4; lastKnownFileType = sourcecode.c.h; name = CSPickerView.h; path = ../Controllers/CSPickerView.h; sourceTree = "<group>"; };
		02DDA2741CDFA7AA0096E3DF /* CSPickerView.m */ = {isa = PBXFileReference; fileEncoding = 4; lastKnownFileType = sourcecode.c.objc; name = CSPickerView.m; path = ../Controllers/CSPickerView.m; sourceTree = "<group>"; };
		02E52D0C1CFEBD910075B4E6 /* CSDailyTimerActionTrigger.h */ = {isa = PBXFileReference; fileEncoding = 4; lastKnownFileType = sourcecode.c.h; path = CSDailyTimerActionTrigger.h; sourceTree = "<group>"; };
		02E52D0D1CFEBD910075B4E6 /* CSDailyTimerActionTrigger.m */ = {isa = PBXFileReference; fileEncoding = 4; lastKnownFileType = sourcecode.c.objc; path = CSDailyTimerActionTrigger.m; sourceTree = "<group>"; };
		02E52D0F1CFEBDA30075B4E6 /* CSWeeklyTimerActionTrigger.h */ = {isa = PBXFileReference; fileEncoding = 4; lastKnownFileType = sourcecode.c.h; path = CSWeeklyTimerActionTrigger.h; sourceTree = "<group>"; };
		02E52D101CFEBDA30075B4E6 /* CSWeeklyTimerActionTrigger.m */ = {isa = PBXFileReference; fileEncoding = 4; lastKnownFileType = sourcecode.c.objc; path = CSWeeklyTimerActionTrigger.m; sourceTree = "<group>"; };
		02E52D121CFEBDCB0075B4E6 /* CSBeaconActionTrigger.h */ = {isa = PBXFileReference; fileEncoding = 4; lastKnownFileType = sourcecode.c.h; path = CSBeaconActionTrigger.h; sourceTree = "<group>"; };
		02E52D131CFEBDCB0075B4E6 /* CSBeaconActionTrigger.m */ = {isa = PBXFileReference; fileEncoding = 4; lastKnownFileType = sourcecode.c.objc; path = CSBeaconActionTrigger.m; sourceTree = "<group>"; };
		02E52D151CFEBDDF0075B4E6 /* CSSwitchActionTrigger.h */ = {isa = PBXFileReference; fileEncoding = 4; lastKnownFileType = sourcecode.c.h; path = CSSwitchActionTrigger.h; sourceTree = "<group>"; };
		02E52D161CFEBDDF0075B4E6 /* CSSwitchActionTrigger.m */ = {isa = PBXFileReference; fileEncoding = 4; lastKnownFileType = sourcecode.c.objc; path = CSSwitchActionTrigger.m; sourceTree = "<group>"; };
		02E52D181CFECB530075B4E6 /* CSTimerTriggerConfiguration.h */ = {isa = PBXFileReference; fileEncoding = 4; lastKnownFileType = sourcecode.c.h; path = CSTimerTriggerConfiguration.h; sourceTree = "<group>"; };
		02E52D191CFECB530075B4E6 /* CSTimerTriggerConfiguration.m */ = {isa = PBXFileReference; fileEncoding = 4; lastKnownFileType = sourcecode.c.objc; path = CSTimerTriggerConfiguration.m; sourceTree = "<group>"; };
		02E52D1B1CFEE1940075B4E6 /* CSHourPicker.h */ = {isa = PBXFileReference; fileEncoding = 4; lastKnownFileType = sourcecode.c.h; path = CSHourPicker.h; sourceTree = "<group>"; };
		02E52D1C1CFEE1940075B4E6 /* CSHourPicker.m */ = {isa = PBXFileReference; fileEncoding = 4; lastKnownFileType = sourcecode.c.objc; path = CSHourPicker.m; sourceTree = "<group>"; };
		02E52D1E1CFEE70D0075B4E6 /* CSDateFormatter.h */ = {isa = PBXFileReference; fileEncoding = 4; lastKnownFileType = sourcecode.c.h; path = CSDateFormatter.h; sourceTree = "<group>"; };
		02E52D1F1CFEE70D0075B4E6 /* CSDateFormatter.m */ = {isa = PBXFileReference; fileEncoding = 4; lastKnownFileType = sourcecode.c.objc; path = CSDateFormatter.m; sourceTree = "<group>"; };
		5BA9BAD11DA1A0F41FC29EA9 /* Pods-smarthouse.distribution.xcconfig */ = {isa = PBXFileReference; includeInIndex = 1; lastKnownFileType = text.xcconfig; name = "Pods-smarthouse.distribution.xcconfig"; path = "Pods/Target Support Files/Pods-smarthouse/Pods-smarthouse.distribution.xcconfig"; sourceTree = "<group>"; };
		97AB0E77884008C5BC108E15 /* Pods-smarthouse.debug_staging.xcconfig */ = {isa = PBXFileReference; includeInIndex = 1; lastKnownFileType = text.xcconfig; name = "Pods-smarthouse.debug_staging.xcconfig"; path = "Pods/Target Support Files/Pods-smarthouse/Pods-smarthouse.debug_staging.xcconfig"; sourceTree = "<group>"; };
		A1F1D738F1A9B22BEC5A00E8 /* Pods-smarthouse.debug_production.xcconfig */ = {isa = PBXFileReference; includeInIndex = 1; lastKnownFileType = text.xcconfig; name = "Pods-smarthouse.debug_production.xcconfig"; path = "Pods/Target Support Files/Pods-smarthouse/Pods-smarthouse.debug_production.xcconfig"; sourceTree = "<group>"; };
		ACCEA3EC7B1F6CDF5518D995 /* Pods-smarthouse.test_staging.xcconfig */ = {isa = PBXFileReference; includeInIndex = 1; lastKnownFileType = text.xcconfig; name = "Pods-smarthouse.test_staging.xcconfig"; path = "Pods/Target Support Files/Pods-smarthouse/Pods-smarthouse.test_staging.xcconfig"; sourceTree = "<group>"; };
		B1E15C8B28FBA5DA39332054 /* libPods-smarthouse.a */ = {isa = PBXFileReference; explicitFileType = archive.ar; includeInIndex = 0; path = "libPods-smarthouse.a"; sourceTree = BUILT_PRODUCTS_DIR; };
		B71B0541CCD8C25ACBC13BE1 /* Pods-smarthouse.test_production.xcconfig */ = {isa = PBXFileReference; includeInIndex = 1; lastKnownFileType = text.xcconfig; name = "Pods-smarthouse.test_production.xcconfig"; path = "Pods/Target Support Files/Pods-smarthouse/Pods-smarthouse.test_production.xcconfig"; sourceTree = "<group>"; };
		BD304C8018E672EA0034105E /* CSDummySpec.m */ = {isa = PBXFileReference; fileEncoding = 4; lastKnownFileType = sourcecode.c.objc; path = CSDummySpec.m; sourceTree = "<group>"; };
		BD304C8218E77F7E0034105E /* Settings.bundle */ = {isa = PBXFileReference; lastKnownFileType = "wrapper.plug-in"; path = Settings.bundle; sourceTree = "<group>"; };
		BD35136419BE274A00A19841 /* CSConstants.h */ = {isa = PBXFileReference; fileEncoding = 4; lastKnownFileType = sourcecode.c.h; path = CSConstants.h; sourceTree = "<group>"; };
		BD49EA2C18EC842B00F73350 /* smarthouse-Environment.h */ = {isa = PBXFileReference; lastKnownFileType = sourcecode.c.h; path = "smarthouse-Environment.h"; sourceTree = "<group>"; };
		BD4E49501B8AC7BE004C140F /* smarthouse-Debug.xcconfig */ = {isa = PBXFileReference; lastKnownFileType = text.xcconfig; path = "smarthouse-Debug.xcconfig"; sourceTree = "<group>"; };
		BD4E49511B8AC7BE004C140F /* smarthouse-Profile.xcconfig */ = {isa = PBXFileReference; lastKnownFileType = text.xcconfig; path = "smarthouse-Profile.xcconfig"; sourceTree = "<group>"; };
		BD4E49521B8AC7BE004C140F /* smarthouse-Release.xcconfig */ = {isa = PBXFileReference; lastKnownFileType = text.xcconfig; path = "smarthouse-Release.xcconfig"; sourceTree = "<group>"; };
		BD4E49531B8AC7BE004C140F /* smarthouse-Test.xcconfig */ = {isa = PBXFileReference; lastKnownFileType = text.xcconfig; path = "smarthouse-Test.xcconfig"; sourceTree = "<group>"; };
		BD4E49541B8AC7BE004C140F /* smarthouse.xcconfig */ = {isa = PBXFileReference; lastKnownFileType = text.xcconfig; path = smarthouse.xcconfig; sourceTree = "<group>"; };
		BD4E49731B8AC7DC004C140F /* jspahrsummers-xcconfigs */ = {isa = PBXFileReference; lastKnownFileType = folder; path = "jspahrsummers-xcconfigs"; sourceTree = "<group>"; };
		BD574AFE18EA481500EDD66F /* smarthouse-Prefix.pch */ = {isa = PBXFileReference; fileEncoding = 4; lastKnownFileType = sourcecode.c.h; path = "smarthouse-Prefix.pch"; sourceTree = "<group>"; };
		BD6951CE18EA4B0800F2F410 /* main.m */ = {isa = PBXFileReference; fileEncoding = 4; lastKnownFileType = sourcecode.c.objc; path = main.m; sourceTree = "<group>"; };
		BD6951EA18EA54A800F2F410 /* smarthouse-Info.plist */ = {isa = PBXFileReference; lastKnownFileType = text.plist.xml; path = "smarthouse-Info.plist"; sourceTree = "<group>"; };
		BD934CD019C211F600B48551 /* AssetCatalogIdentifiers.h */ = {isa = PBXFileReference; fileEncoding = 4; lastKnownFileType = sourcecode.c.h; path = AssetCatalogIdentifiers.h; sourceTree = "<group>"; };
		BD934CD119C211F600B48551 /* AssetCatalogIdentifiers.m */ = {isa = PBXFileReference; fileEncoding = 4; lastKnownFileType = sourcecode.c.objc; path = AssetCatalogIdentifiers.m; sourceTree = "<group>"; };
		BD934CD219C211F600B48551 /* StoryboardIdentifiers.h */ = {isa = PBXFileReference; fileEncoding = 4; lastKnownFileType = sourcecode.c.h; path = StoryboardIdentifiers.h; sourceTree = "<group>"; };
		BD934CD319C211F600B48551 /* StoryboardIdentifiers.m */ = {isa = PBXFileReference; fileEncoding = 4; lastKnownFileType = sourcecode.c.objc; path = StoryboardIdentifiers.m; sourceTree = "<group>"; };
		BD9FFD9418E66DF4001DF6EC /* Specs-Prefix.pch */ = {isa = PBXFileReference; fileEncoding = 4; lastKnownFileType = sourcecode.c.h; path = "Specs-Prefix.pch"; sourceTree = "<group>"; };
		BDDB994F18C3943B003EBC42 /* smarthouse.app */ = {isa = PBXFileReference; explicitFileType = wrapper.application; includeInIndex = 0; path = smarthouse.app; sourceTree = BUILT_PRODUCTS_DIR; };
		BDDB996118C3943B003EBC42 /* CSAppDelegate.h */ = {isa = PBXFileReference; lastKnownFileType = sourcecode.c.h; path = CSAppDelegate.h; sourceTree = "<group>"; };
		BDDB996218C3943B003EBC42 /* CSAppDelegate.m */ = {isa = PBXFileReference; lastKnownFileType = sourcecode.c.objc; path = CSAppDelegate.m; sourceTree = "<group>"; };
		BDDB996D18C3943B003EBC42 /* Images.xcassets */ = {isa = PBXFileReference; lastKnownFileType = folder.assetcatalog; path = Images.xcassets; sourceTree = "<group>"; };
		BDDB997318C3943B003EBC42 /* Specs.xctest */ = {isa = PBXFileReference; explicitFileType = wrapper.cfbundle; includeInIndex = 0; path = Specs.xctest; sourceTree = BUILT_PRODUCTS_DIR; };
		BDDB997C18C3943B003EBC42 /* Specs-Info.plist */ = {isa = PBXFileReference; lastKnownFileType = text.plist.xml; path = "Specs-Info.plist"; sourceTree = "<group>"; };
		BDF68AF01B713C3400153C8D /* Main.storyboard */ = {isa = PBXFileReference; fileEncoding = 4; lastKnownFileType = file.storyboard; name = Main.storyboard; path = Controllers/Main.storyboard; sourceTree = "<group>"; };
		BDF68AF21B713C6200153C8D /* LaunchScreen.xib */ = {isa = PBXFileReference; fileEncoding = 4; lastKnownFileType = file.xib; path = LaunchScreen.xib; sourceTree = "<group>"; };
		C4154917AF1F76C8E6B044CC /* Pods-smarthouse.adhoc_production.xcconfig */ = {isa = PBXFileReference; includeInIndex = 1; lastKnownFileType = text.xcconfig; name = "Pods-smarthouse.adhoc_production.xcconfig"; path = "Pods/Target Support Files/Pods-smarthouse/Pods-smarthouse.adhoc_production.xcconfig"; sourceTree = "<group>"; };
		D03EB3C12D30F0605AA4A9A9 /* Pods-smarthouse.adhoc_staging.xcconfig */ = {isa = PBXFileReference; includeInIndex = 1; lastKnownFileType = text.xcconfig; name = "Pods-smarthouse.adhoc_staging.xcconfig"; path = "Pods/Target Support Files/Pods-smarthouse/Pods-smarthouse.adhoc_staging.xcconfig"; sourceTree = "<group>"; };
		DE2C00015F1F8DAB64DC463E /* Pods-smarthouse.profile_production.xcconfig */ = {isa = PBXFileReference; includeInIndex = 1; lastKnownFileType = text.xcconfig; name = "Pods-smarthouse.profile_production.xcconfig"; path = "Pods/Target Support Files/Pods-smarthouse/Pods-smarthouse.profile_production.xcconfig"; sourceTree = "<group>"; };
		FFEBC06F98242B5A87FDC4D9 /* Pods-smarthouse.profile_staging.xcconfig */ = {isa = PBXFileReference; includeInIndex = 1; lastKnownFileType = text.xcconfig; name = "Pods-smarthouse.profile_staging.xcconfig"; path = "Pods/Target Support Files/Pods-smarthouse/Pods-smarthouse.profile_staging.xcconfig"; sourceTree = "<group>"; };
/* End PBXFileReference section */

/* Begin PBXFrameworksBuildPhase section */
		BDDB994C18C3943B003EBC42 /* Frameworks */ = {
			isa = PBXFrameworksBuildPhase;
			buildActionMask = 2147483647;
			files = (
				B797686FE309D9D4DBC57095 /* libPods-smarthouse.a in Frameworks */,
			);
			runOnlyForDeploymentPostprocessing = 0;
		};
		BDDB997018C3943B003EBC42 /* Frameworks */ = {
			isa = PBXFrameworksBuildPhase;
			buildActionMask = 2147483647;
			files = (
			);
			runOnlyForDeploymentPostprocessing = 0;
		};
/* End PBXFrameworksBuildPhase section */

/* Begin PBXGroup section */
		02014D461CE0EB9100E2A1DF /* Helpers */ = {
			isa = PBXGroup;
			children = (
				02014D5F1CE10F3B00E2A1DF /* Categories */,
				02B881BB1CF1F7170072D3A4 /* CSAccount.h */,
				02B881BC1CF1F7170072D3A4 /* CSAccount.m */,
				020FD6251CF4DADE00823E50 /* CSWireFrame.h */,
				020FD6261CF4DADE00823E50 /* CSWireFrame.m */,
				02E52D1E1CFEE70D0075B4E6 /* CSDateFormatter.h */,
				02E52D1F1CFEE70D0075B4E6 /* CSDateFormatter.m */,
				02979C101D0326130073EC2C /* CSActionManager.h */,
				02979C111D0326130073EC2C /* CSActionManager.m */,
				02881A821D033989008E4A5A /* CSDocumentsManager.h */,
				02881A831D033989008E4A5A /* CSDocumentsManager.m */,
			);
			name = Helpers;
			path = Resources;
			sourceTree = "<group>";
		};
		02014D531CE10C2A00E2A1DF /* Environment */ = {
			isa = PBXGroup;
			children = (
				02014D561CE10C4900E2A1DF /* CSEnvironment.h */,
				02014D571CE10C4900E2A1DF /* CSEnvironment.m */,
				02014D541CE10C3F00E2A1DF /* Configuration.plist */,
			);
			name = Environment;
			sourceTree = "<group>";
		};
		02014D591CE10CEE00E2A1DF /* Serializers */ = {
			isa = PBXGroup;
			children = (
				02014D4C1CE10B9100E2A1DF /* CSJSONResponseSerializer.h */,
				02014D4D1CE10B9100E2A1DF /* CSJSONResponseSerializer.m */,
				02B881AF1CF1D4230072D3A4 /* CSUserResponseSerializer.h */,
				02B881B01CF1D4230072D3A4 /* CSUserResponseSerializer.m */,
				02B881B21CF1D43D0072D3A4 /* CSActionSubjectsResponseSerializer.h */,
				02B881B31CF1D43D0072D3A4 /* CSActionSubjectsResponseSerializer.m */,
				02B881B51CF1D4550072D3A4 /* CSActionResponseSerializer.h */,
				02B881B61CF1D4550072D3A4 /* CSActionResponseSerializer.m */,
				02B881B81CF1D4600072D3A4 /* CSActionsResponseSerializer.h */,
				02B881B91CF1D4600072D3A4 /* CSActionsResponseSerializer.m */,
				020FD62F1CF4FA4500823E50 /* CSActionSubjectResponseSerializer.h */,
				020FD6301CF4FA4500823E50 /* CSActionSubjectResponseSerializer.m */,
			);
			name = Serializers;
			sourceTree = "<group>";
		};
		02014D5A1CE10CF400E2A1DF /* Params */ = {
			isa = PBXGroup;
			children = (
				02014D5E1CE10D6300E2A1DF /* CSRequestParamsProtocol.h */,
				02B881A01CF1C70F0072D3A4 /* CSCreateActionParams.h */,
				02B881A11CF1C70F0072D3A4 /* CSCreateActionParams.m */,
				02B881A31CF1C7350072D3A4 /* CSDeleteActionParams.h */,
				02B881A41CF1C7350072D3A4 /* CSDeleteActionParams.m */,
				02B881A61CF1C7550072D3A4 /* CSLoginUserParams.h */,
				02B881A71CF1C7550072D3A4 /* CSLoginUserParams.m */,
				020FD62C1CF4F6BD00823E50 /* CSSwitchActionSubjectParams.h */,
				020FD62D1CF4F6BD00823E50 /* CSSwitchActionSubjectParams.m */,
			);
			name = Params;
			sourceTree = "<group>";
		};
		02014D5F1CE10F3B00E2A1DF /* Categories */ = {
			isa = PBXGroup;
			children = (
				02014D471CE0EBBA00E2A1DF /* UIAlertController+Error.h */,
				02014D481CE0EBBA00E2A1DF /* UIAlertController+Error.m */,
				026C80431CF39B09000C7599 /* NSString+Validation.h */,
				026C80441CF39B09000C7599 /* NSString+Validation.m */,
			);
			name = Categories;
			sourceTree = "<group>";
		};
		02014D601CE10F4600E2A1DF /* Operations */ = {
			isa = PBXGroup;
			children = (
				02B881971CF1C5B90072D3A4 /* CSSessionsService.h */,
				02B881981CF1C5B90072D3A4 /* CSSessionsService.m */,
				02B8819A1CF1C5CA0072D3A4 /* CSActionSubjectsService.h */,
				02B8819B1CF1C5CA0072D3A4 /* CSActionSubjectsService.m */,
				02B8819D1CF1C5F20072D3A4 /* CSActionsService.h */,
				02B8819E1CF1C5F20072D3A4 /* CSActionsService.m */,
			);
			name = Operations;
			path = Resources;
			sourceTree = "<group>";
		};
		020FD6281CF4F15800823E50 /* SplashViewController */ = {
			isa = PBXGroup;
			children = (
				020FD6291CF4F17000823E50 /* CSSplashViewController.h */,
				020FD62A1CF4F17000823E50 /* CSSplashViewController.m */,
			);
			name = SplashViewController;
			sourceTree = "<group>";
		};
		021917FC1CDF3FFB00288736 /* Storyboard */ = {
			isa = PBXGroup;
			children = (
				BDF68AF01B713C3400153C8D /* Main.storyboard */,
			);
			name = Storyboard;
			sourceTree = "<group>";
		};
		021917FD1CDF493600288736 /* SmartHouseViewController */ = {
			isa = PBXGroup;
			children = (
				021917FF1CDF495100288736 /* Views */,
				021917FE1CDF494900288736 /* View Models */,
				02DDA2511CDF90D60096E3DF /* CSSmartHouseTableViewController.h */,
				02DDA2521CDF90D60096E3DF /* CSSmartHouseTableViewController.m */,
			);
			name = SmartHouseViewController;
			sourceTree = "<group>";
		};
		021917FE1CDF494900288736 /* View Models */ = {
			isa = PBXGroup;
			children = (
				021918131CDF6C5200288736 /* CSSwitchActionCellViewModel.h */,
				021918141CDF6C5200288736 /* CSSwitchActionCellViewModel.m */,
				021918161CDF6C6400288736 /* CSTimerActionCellViewModel.h */,
				021918171CDF6C6400288736 /* CSTimerActionCellViewModel.m */,
				021918191CDF6C7300288736 /* CSBeaconActionCellViewModel.h */,
				0219181A1CDF6C7300288736 /* CSBeaconActionCellViewModel.m */,
				02DDA2541CDF90F30096E3DF /* CSSmartHouseViewModel.h */,
				02DDA2551CDF90F30096E3DF /* CSSmartHouseViewModel.m */,
			);
			name = "View Models";
			sourceTree = "<group>";
		};
		021917FF1CDF495100288736 /* Views */ = {
			isa = PBXGroup;
			children = (
				021918041CDF5D2B00288736 /* CSSwitchActionCell.h */,
				021918051CDF5D2B00288736 /* CSSwitchActionCell.m */,
				0219180D1CDF658700288736 /* CSSwitchActionCell.xib */,
				021918071CDF62AE00288736 /* CSTimerActionCell.h */,
				021918081CDF62AE00288736 /* CSTimerActionCell.m */,
				0219180F1CDF695000288736 /* CSTimerActionCell.xib */,
				0219180A1CDF639A00288736 /* CSBeaconActionCell.h */,
				0219180B1CDF639A00288736 /* CSBeaconActionCell.m */,
				021918111CDF698F00288736 /* CSBeaconActionCell.xib */,
			);
			name = Views;
			sourceTree = "<group>";
		};
		026329781CFDD68300790EEF /* TimerTriggerViewControllers */ = {
			isa = PBXGroup;
			children = (
				026329801CFDD7C800790EEF /* TimerTriggerWeeklyViewController */,
				0263297C1CFDD78700790EEF /* TimerTriggerDailyViewController */,
				026329811CFDDF7E00790EEF /* CSTimerTriggerPageManager.h */,
				026329821CFDDF7E00790EEF /* CSTimerTriggerPageManager.m */,
				02BF44BF1D007C2000D88822 /* CSTimerTriggerBuilderPageProtocol.h */,
			);
			name = TimerTriggerViewControllers;
			sourceTree = "<group>";
		};
		0263297C1CFDD78700790EEF /* TimerTriggerDailyViewController */ = {
			isa = PBXGroup;
			children = (
				02BF44B81D006C3800D88822 /* ViewModel */,
				026329791CFDD76300790EEF /* CSTimerTriggerDailyViewController.h */,
				0263297A1CFDD76300790EEF /* CSTimerTriggerDailyViewController.m */,
			);
			name = TimerTriggerDailyViewController;
			sourceTree = "<group>";
		};
		026329801CFDD7C800790EEF /* TimerTriggerWeeklyViewController */ = {
			isa = PBXGroup;
			children = (
				0263297D1CFDD7C000790EEF /* CSTimerTriggerWeeklyViewController.h */,
				0263297E1CFDD7C000790EEF /* CSTimerTriggerWeeklyViewController.m */,
				02BF44B01D003D8700D88822 /* ViewModel */,
			);
			name = TimerTriggerWeeklyViewController;
			sourceTree = "<group>";
		};
		026C803B1CF38CDD000C7599 /* LoginViewController */ = {
			isa = PBXGroup;
			children = (
				026C80421CF3920E000C7599 /* View Model */,
				026C803C1CF391E6000C7599 /* CSLoginViewController.h */,
				026C803D1CF391E6000C7599 /* CSLoginViewController.m */,
			);
			name = LoginViewController;
			sourceTree = "<group>";
		};
		026C80421CF3920E000C7599 /* View Model */ = {
			isa = PBXGroup;
			children = (
				026C803F1CF391FE000C7599 /* CSLoginViewModel.h */,
				026C80401CF391FE000C7599 /* CSLoginViewModel.m */,
			);
			name = "View Model";
			sourceTree = "<group>";
		};
		02BF44B01D003D8700D88822 /* ViewModel */ = {
			isa = PBXGroup;
			children = (
				02BF44B11D003E4500D88822 /* CSTimerTriggerWeeklyViewModel.h */,
				02BF44B21D003E4500D88822 /* CSTimerTriggerWeeklyViewModel.m */,
			);
			name = ViewModel;
			sourceTree = "<group>";
		};
		02BF44B81D006C3800D88822 /* ViewModel */ = {
			isa = PBXGroup;
			children = (
				02BF44B91D006C5F00D88822 /* CSTimerTriggerDailyViewModel.h */,
				02BF44BA1D006C5F00D88822 /* CSTimerTriggerDailyViewModel.m */,
			);
			name = ViewModel;
			sourceTree = "<group>";
		};
		02DDA24F1CDF87200096E3DF /* API */ = {
			isa = PBXGroup;
			children = (
				02014D601CE10F4600E2A1DF /* Operations */,
				02014D5A1CE10CF400E2A1DF /* Params */,
				02014D591CE10CEE00E2A1DF /* Serializers */,
				02014D4A1CE10B9100E2A1DF /* CSApiClient.h */,
				02014D4B1CE10B9100E2A1DF /* CSApiClient.m */,
				02014D4E1CE10B9100E2A1DF /* CSRequests.h */,
				02014D4F1CE10B9100E2A1DF /* CSRequests.m */,
			);
			name = API;
			sourceTree = "<group>";
		};
		02DDA2501CDF90900096E3DF /* AddActionViewController */ = {
			isa = PBXGroup;
			children = (
				02DDA26B1CDFA7140096E3DF /* View Models */,
				02DDA2571CDF915A0096E3DF /* CSAddActionViewController.h */,
				02DDA2581CDF915A0096E3DF /* CSAddActionViewController.m */,
			);
			name = AddActionViewController;
			sourceTree = "<group>";
		};
		02DDA25A1CDF91680096E3DF /* PickSubjectViewController */ = {
			isa = PBXGroup;
			children = (
				02DDA2621CDF93FA0096E3DF /* Views */,
				02DDA25E1CDF92D50096E3DF /* View Models */,
				02DDA25B1CDF91C10096E3DF /* CSPickSubjectViewController.h */,
				02DDA25C1CDF91C10096E3DF /* CSPickSubjectViewController.m */,
			);
			name = PickSubjectViewController;
			sourceTree = "<group>";
		};
		02DDA25E1CDF92D50096E3DF /* View Models */ = {
			isa = PBXGroup;
			children = (
				02DDA25F1CDF92EB0096E3DF /* CSPickSubjectViewModel.h */,
				02DDA2601CDF92EB0096E3DF /* CSPickSubjectViewModel.m */,
				02DDA2681CDF981E0096E3DF /* CSPickSubjectCellViewModel.h */,
				02DDA2691CDF981E0096E3DF /* CSPickSubjectCellViewModel.m */,
			);
			name = "View Models";
			sourceTree = "<group>";
		};
		02DDA2621CDF93FA0096E3DF /* Views */ = {
			isa = PBXGroup;
			children = (
				02DDA2631CDF94120096E3DF /* CSPickSubjectCell.h */,
				02DDA2641CDF94120096E3DF /* CSPickSubjectCell.m */,
				02DDA2661CDF94390096E3DF /* CSPickSubjectCell.xib */,
			);
			name = Views;
			sourceTree = "<group>";
		};
		02DDA26B1CDFA7140096E3DF /* View Models */ = {
			isa = PBXGroup;
			children = (
				02DDA26C1CDFA72E0096E3DF /* CSAddActionViewModel.h */,
				02DDA26D1CDFA72E0096E3DF /* CSAddActionViewModel.m */,
			);
			name = "View Models";
			sourceTree = "<group>";
		};
		02E52D0B1CFEBD1E0075B4E6 /* ActionTriggers */ = {
			isa = PBXGroup;
			children = (
				02DDA23D1CDF6DA70096E3DF /* CSActionTrigger.h */,
				02DDA23E1CDF6DA70096E3DF /* CSActionTrigger.m */,
				02E52D0C1CFEBD910075B4E6 /* CSDailyTimerActionTrigger.h */,
				02E52D0D1CFEBD910075B4E6 /* CSDailyTimerActionTrigger.m */,
				02E52D0F1CFEBDA30075B4E6 /* CSWeeklyTimerActionTrigger.h */,
				02E52D101CFEBDA30075B4E6 /* CSWeeklyTimerActionTrigger.m */,
				02E52D121CFEBDCB0075B4E6 /* CSBeaconActionTrigger.h */,
				02E52D131CFEBDCB0075B4E6 /* CSBeaconActionTrigger.m */,
				02E52D151CFEBDDF0075B4E6 /* CSSwitchActionTrigger.h */,
				02E52D161CFEBDDF0075B4E6 /* CSSwitchActionTrigger.m */,
				02E52D181CFECB530075B4E6 /* CSTimerTriggerConfiguration.h */,
				02E52D191CFECB530075B4E6 /* CSTimerTriggerConfiguration.m */,
			);
			name = ActionTriggers;
			sourceTree = "<group>";
		};
		16AEB207F83CBD024A9A3B54 /* Frameworks */ = {
			isa = PBXGroup;
			children = (
				B1E15C8B28FBA5DA39332054 /* libPods-smarthouse.a */,
			);
			name = Frameworks;
			sourceTree = "<group>";
		};
		64B3B7DF23FE3D4EAE9F4B61 /* Pods */ = {
			isa = PBXGroup;
			children = (
				97AB0E77884008C5BC108E15 /* Pods-smarthouse.debug_staging.xcconfig */,
				A1F1D738F1A9B22BEC5A00E8 /* Pods-smarthouse.debug_production.xcconfig */,
				ACCEA3EC7B1F6CDF5518D995 /* Pods-smarthouse.test_staging.xcconfig */,
				B71B0541CCD8C25ACBC13BE1 /* Pods-smarthouse.test_production.xcconfig */,
				5BA9BAD11DA1A0F41FC29EA9 /* Pods-smarthouse.distribution.xcconfig */,
				D03EB3C12D30F0605AA4A9A9 /* Pods-smarthouse.adhoc_staging.xcconfig */,
				C4154917AF1F76C8E6B044CC /* Pods-smarthouse.adhoc_production.xcconfig */,
				FFEBC06F98242B5A87FDC4D9 /* Pods-smarthouse.profile_staging.xcconfig */,
				DE2C00015F1F8DAB64DC463E /* Pods-smarthouse.profile_production.xcconfig */,
			);
			name = Pods;
			sourceTree = "<group>";
		};
		BD3CA8BA18D8A68600C993E0 /* Resources */ = {
			isa = PBXGroup;
			children = (
				BDF68AF21B713C6200153C8D /* LaunchScreen.xib */,
				BDDB996D18C3943B003EBC42 /* Images.xcassets */,
				BD304C8218E77F7E0034105E /* Settings.bundle */,
			);
			path = Resources;
			sourceTree = "<group>";
		};
		BD4E494F1B8AC7BE004C140F /* Configuration */ = {
			isa = PBXGroup;
			children = (
				BD4E49731B8AC7DC004C140F /* jspahrsummers-xcconfigs */,
				BD4E49501B8AC7BE004C140F /* smarthouse-Debug.xcconfig */,
				BD4E49511B8AC7BE004C140F /* smarthouse-Profile.xcconfig */,
				BD4E49521B8AC7BE004C140F /* smarthouse-Release.xcconfig */,
				BD4E49531B8AC7BE004C140F /* smarthouse-Test.xcconfig */,
				BD4E49541B8AC7BE004C140F /* smarthouse.xcconfig */,
			);
			path = Configuration;
			sourceTree = "<group>";
		};
		BD574AFB18EA47FA00EDD66F /* Models */ = {
			isa = PBXGroup;
			children = (
				02E52D0B1CFEBD1E0075B4E6 /* ActionTriggers */,
				02DDA23A1CDF6D370096E3DF /* CSAction.h */,
				02DDA23B1CDF6D370096E3DF /* CSAction.m */,
				02DDA2401CDF6DB20096E3DF /* CSActionSubject.h */,
				02DDA2411CDF6DB20096E3DF /* CSActionSubject.m */,
				02B881A91CF1C9860072D3A4 /* CSUploadAction.h */,
				02B881AA1CF1C9860072D3A4 /* CSUploadAction.m */,
				02B881AC1CF1D2AA0072D3A4 /* CSUser.h */,
				02B881AD1CF1D2AA0072D3A4 /* CSUser.m */,
				029CE0AE1CF2411C00F12334 /* CSActionType.h */,
				029CE0AF1CF2411C00F12334 /* CSActionType.m */,
			);
			path = Models;
			sourceTree = "<group>";
		};
		BD574AFC18EA481500EDD66F /* Other Sources */ = {
			isa = PBXGroup;
			children = (
				BD4E494F1B8AC7BE004C140F /* Configuration */,
				BD934CCF19C211F600B48551 /* Generated */,
				BD35136419BE274A00A19841 /* CSConstants.h */,
				BD6951EA18EA54A800F2F410 /* smarthouse-Info.plist */,
				BD49EA2C18EC842B00F73350 /* smarthouse-Environment.h */,
			);
			name = "Other Sources";
			path = "Other-Sources";
			sourceTree = "<group>";
		};
		BD574B0318EA481500EDD66F /* Views */ = {
			isa = PBXGroup;
			children = (
				02DDA2731CDFA7AA0096E3DF /* CSPickerView.h */,
				02DDA2741CDFA7AA0096E3DF /* CSPickerView.m */,
				02BF44B51D00674A00D88822 /* CSNumberPicker.h */,
				02BF44B61D00674A00D88822 /* CSNumberPicker.m */,
				021918011CDF49E500288736 /* CSTableViewCell.h */,
				021918021CDF49E500288736 /* CSTableViewCell.m */,
				02E52D1B1CFEE1940075B4E6 /* CSHourPicker.h */,
				02E52D1C1CFEE1940075B4E6 /* CSHourPicker.m */,
			);
			path = Views;
			sourceTree = "<group>";
		};
		BD934CCF19C211F600B48551 /* Generated */ = {
			isa = PBXGroup;
			children = (
				BD934CD019C211F600B48551 /* AssetCatalogIdentifiers.h */,
				BD934CD119C211F600B48551 /* AssetCatalogIdentifiers.m */,
				BD934CD219C211F600B48551 /* StoryboardIdentifiers.h */,
				BD934CD319C211F600B48551 /* StoryboardIdentifiers.m */,
			);
			path = Generated;
			sourceTree = "<group>";
		};
		BDB71B2518EA46ED00579B97 /* Application */ = {
			isa = PBXGroup;
			children = (
				02014D531CE10C2A00E2A1DF /* Environment */,
				BD574AFE18EA481500EDD66F /* smarthouse-Prefix.pch */,
				BD6951CE18EA4B0800F2F410 /* main.m */,
				BDDB996118C3943B003EBC42 /* CSAppDelegate.h */,
				BDDB996218C3943B003EBC42 /* CSAppDelegate.m */,
			);
			path = Application;
			sourceTree = "<group>";
		};
		BDB71B2618EA471400579B97 /* Controllers */ = {
			isa = PBXGroup;
			children = (
				026329781CFDD68300790EEF /* TimerTriggerViewControllers */,
				020FD6281CF4F15800823E50 /* SplashViewController */,
				026C803B1CF38CDD000C7599 /* LoginViewController */,
				02DDA25A1CDF91680096E3DF /* PickSubjectViewController */,
				02DDA2501CDF90900096E3DF /* AddActionViewController */,
				021917FD1CDF493600288736 /* SmartHouseViewController */,
			);
			path = Controllers;
			sourceTree = "<group>";
		};
		BDDB994618C3943B003EBC42 = {
			isa = PBXGroup;
			children = (
				BDDB995818C3943B003EBC42 /* smarthouse */,
				BDDB997A18C3943B003EBC42 /* Specs */,
				BDDB995018C3943B003EBC42 /* Products */,
				64B3B7DF23FE3D4EAE9F4B61 /* Pods */,
				16AEB207F83CBD024A9A3B54 /* Frameworks */,
			);
			indentWidth = 4;
			sourceTree = "<group>";
			tabWidth = 4;
			usesTabs = 0;
		};
		BDDB995018C3943B003EBC42 /* Products */ = {
			isa = PBXGroup;
			children = (
				BDDB994F18C3943B003EBC42 /* smarthouse.app */,
				BDDB997318C3943B003EBC42 /* Specs.xctest */,
			);
			name = Products;
			sourceTree = "<group>";
		};
		BDDB995818C3943B003EBC42 /* smarthouse */ = {
			isa = PBXGroup;
			children = (
				02DDA24F1CDF87200096E3DF /* API */,
				021917FC1CDF3FFB00288736 /* Storyboard */,
				BDB71B2618EA471400579B97 /* Controllers */,
				BD574AFB18EA47FA00EDD66F /* Models */,
				02014D461CE0EB9100E2A1DF /* Helpers */,
				BD3CA8BA18D8A68600C993E0 /* Resources */,
				BD574B0318EA481500EDD66F /* Views */,
				BDB71B2518EA46ED00579B97 /* Application */,
				BD574AFC18EA481500EDD66F /* Other Sources */,
			);
			path = smarthouse;
			sourceTree = "<group>";
		};
		BDDB997A18C3943B003EBC42 /* Specs */ = {
			isa = PBXGroup;
			children = (
				BD304C8018E672EA0034105E /* CSDummySpec.m */,
				BDDB997B18C3943B003EBC42 /* Supporting Files */,
			);
			path = Specs;
			sourceTree = "<group>";
		};
		BDDB997B18C3943B003EBC42 /* Supporting Files */ = {
			isa = PBXGroup;
			children = (
				BDDB997C18C3943B003EBC42 /* Specs-Info.plist */,
				BD9FFD9418E66DF4001DF6EC /* Specs-Prefix.pch */,
			);
			name = "Supporting Files";
			sourceTree = "<group>";
		};
/* End PBXGroup section */

/* Begin PBXNativeTarget section */
		BDDB994E18C3943B003EBC42 /* smarthouse */ = {
			isa = PBXNativeTarget;
			buildConfigurationList = BDDB998418C3943B003EBC42 /* Build configuration list for PBXNativeTarget "smarthouse" */;
			buildPhases = (
				459BB6998B374B52F63F4A50 /* 📦 Check Pods Manifest.lock */,
				BDF4202019B8F31200FE6C13 /* Generate Storyboard Identifier File */,
				BD79800C19C0CF3E0087DCCA /* Generate Asset Catalog Identifier File */,
				BDDB994B18C3943B003EBC42 /* Sources */,
				BDDB994C18C3943B003EBC42 /* Frameworks */,
				BD36522718CE89C6009107A7 /* Increment Build Number */,
				BDDB994D18C3943B003EBC42 /* Resources */,
				BDC7F36218EBA5EE0045D4BD /* Remove Unused Localizations */,
				BD35136319BE21BD00A19841 /* Badge App Icons */,
				6326DEAC577ED641AECAADFF /* 📦 Embed Pods Frameworks */,
				10C4C8A37A90886DA650CAD4 /* 📦 Copy Pods Resources */,
				024D0AFB1CF6352300109F72 /* Fabric */,
			);
			buildRules = (
			);
			dependencies = (
			);
			name = smarthouse;
			productName = smarthouse;
			productReference = BDDB994F18C3943B003EBC42 /* smarthouse.app */;
			productType = "com.apple.product-type.application";
		};
		BDDB997218C3943B003EBC42 /* Specs */ = {
			isa = PBXNativeTarget;
			buildConfigurationList = BDDB998718C3943B003EBC42 /* Build configuration list for PBXNativeTarget "Specs" */;
			buildPhases = (
				BDDB996F18C3943B003EBC42 /* Sources */,
				BDDB997018C3943B003EBC42 /* Frameworks */,
				BDDB997118C3943B003EBC42 /* Resources */,
			);
			buildRules = (
			);
			dependencies = (
				BDDB997918C3943B003EBC42 /* PBXTargetDependency */,
			);
			name = Specs;
			productName = smarthouseTests;
			productReference = BDDB997318C3943B003EBC42 /* Specs.xctest */;
			productType = "com.apple.product-type.bundle.unit-test";
		};
/* End PBXNativeTarget section */

/* Begin PBXProject section */
		BDDB994718C3943B003EBC42 /* Project object */ = {
			isa = PBXProject;
			attributes = {
				CLASSPREFIX = CS;
				LastUpgradeCheck = 0730;
				ORGANIZATIONNAME = Cappsoft;
				TargetAttributes = {
					BDDB997218C3943B003EBC42 = {
						TestTargetID = BDDB994E18C3943B003EBC42;
					};
				};
			};
			buildConfigurationList = BDDB994A18C3943B003EBC42 /* Build configuration list for PBXProject "smarthouse" */;
			compatibilityVersion = "Xcode 3.2";
			developmentRegion = English;
			hasScannedForEncodings = 0;
			knownRegions = (
				en,
				Base,
			);
			mainGroup = BDDB994618C3943B003EBC42;
			productRefGroup = BDDB995018C3943B003EBC42 /* Products */;
			projectDirPath = "";
			projectRoot = "";
			targets = (
				BDDB994E18C3943B003EBC42 /* smarthouse */,
				BDDB997218C3943B003EBC42 /* Specs */,
			);
		};
/* End PBXProject section */

/* Begin PBXResourcesBuildPhase section */
		BDDB994D18C3943B003EBC42 /* Resources */ = {
			isa = PBXResourcesBuildPhase;
			buildActionMask = 2147483647;
			files = (
				BDF68AF31B713C6200153C8D /* LaunchScreen.xib in Resources */,
				02014D551CE10C3F00E2A1DF /* Configuration.plist in Resources */,
				021918121CDF698F00288736 /* CSBeaconActionCell.xib in Resources */,
				021918101CDF695000288736 /* CSTimerActionCell.xib in Resources */,
				BDDB996E18C3943B003EBC42 /* Images.xcassets in Resources */,
				0219180E1CDF658700288736 /* CSSwitchActionCell.xib in Resources */,
				BD304C8318E77F7E0034105E /* Settings.bundle in Resources */,
				BDF68AF11B713C3400153C8D /* Main.storyboard in Resources */,
				02DDA2671CDF94390096E3DF /* CSPickSubjectCell.xib in Resources */,
			);
			runOnlyForDeploymentPostprocessing = 0;
		};
		BDDB997118C3943B003EBC42 /* Resources */ = {
			isa = PBXResourcesBuildPhase;
			buildActionMask = 2147483647;
			files = (
			);
			runOnlyForDeploymentPostprocessing = 0;
		};
/* End PBXResourcesBuildPhase section */

/* Begin PBXShellScriptBuildPhase section */
		024D0AFB1CF6352300109F72 /* Fabric */ = {
			isa = PBXShellScriptBuildPhase;
			buildActionMask = 2147483647;
			files = (
			);
			inputPaths = (
			);
			name = Fabric;
			outputPaths = (
			);
			runOnlyForDeploymentPostprocessing = 0;
			shellPath = /bin/sh;
			shellScript = "\"${PODS_ROOT}/Fabric/run\" ac81451481ec78f969ac22a10101581f6fc074e6 321ac502e87c913162df6b0af72dd252adeafe933e5bd40c8066e4e55d311996";
		};
		10C4C8A37A90886DA650CAD4 /* 📦 Copy Pods Resources */ = {
			isa = PBXShellScriptBuildPhase;
			buildActionMask = 2147483647;
			files = (
			);
			inputPaths = (
			);
			name = "📦 Copy Pods Resources";
			outputPaths = (
			);
			runOnlyForDeploymentPostprocessing = 0;
			shellPath = /bin/sh;
			shellScript = "\"${SRCROOT}/Pods/Target Support Files/Pods-smarthouse/Pods-smarthouse-resources.sh\"\n";
			showEnvVarsInLog = 0;
		};
		459BB6998B374B52F63F4A50 /* 📦 Check Pods Manifest.lock */ = {
			isa = PBXShellScriptBuildPhase;
			buildActionMask = 2147483647;
			files = (
			);
			inputPaths = (
			);
			name = "📦 Check Pods Manifest.lock";
			outputPaths = (
			);
			runOnlyForDeploymentPostprocessing = 0;
			shellPath = /bin/sh;
			shellScript = "diff \"${PODS_ROOT}/../Podfile.lock\" \"${PODS_ROOT}/Manifest.lock\" > /dev/null\nif [[ $? != 0 ]] ; then\n    cat << EOM\nerror: The sandbox is not in sync with the Podfile.lock. Run 'pod install' or update your CocoaPods installation.\nEOM\n    exit 1\nfi\n";
			showEnvVarsInLog = 0;
		};
		6326DEAC577ED641AECAADFF /* 📦 Embed Pods Frameworks */ = {
			isa = PBXShellScriptBuildPhase;
			buildActionMask = 2147483647;
			files = (
			);
			inputPaths = (
			);
			name = "📦 Embed Pods Frameworks";
			outputPaths = (
			);
			runOnlyForDeploymentPostprocessing = 0;
			shellPath = /bin/sh;
			shellScript = "\"${SRCROOT}/Pods/Target Support Files/Pods-smarthouse/Pods-smarthouse-frameworks.sh\"\n";
			showEnvVarsInLog = 0;
		};
		BD35136319BE21BD00A19841 /* Badge App Icons */ = {
			isa = PBXShellScriptBuildPhase;
			buildActionMask = 2147483647;
			files = (
			);
			inputPaths = (
			);
			name = "Badge App Icons";
			outputPaths = (
			);
			runOnlyForDeploymentPostprocessing = 0;
			shellPath = /bin/sh;
			shellScript = "# For non-app store builds, this script badges the app's icons to indicate whether\n# the build targets staging or production, as well as its version and build number.\n# Changes are made to the icons in the products directory; the icons in your app\n# are unchanged.\n\n# As always, if this isn't to your liking, feel free to remove this build phase.\n\n\"${SRCROOT}/Scripts/BadgeIcons.py\"";
			showEnvVarsInLog = 0;
		};
		BD36522718CE89C6009107A7 /* Increment Build Number */ = {
			isa = PBXShellScriptBuildPhase;
			buildActionMask = 2147483647;
			files = (
			);
			inputPaths = (
			);
			name = "Increment Build Number";
			outputPaths = (
			);
			runOnlyForDeploymentPostprocessing = 0;
			shellPath = /bin/sh;
			shellScript = "# This script increments the build number (CFBundleVersion in the Info.plist)\n# on Ad-Hoc or Distribution builds that target real devices.\n# In the context of Amaro, that means an archive build of any scheme, or any\n# non-simulator build of the AppStore scheme.\n\n# Feel free to remove this build phase if that is not desired behavior for you.\n\n\"${SRCROOT}/Scripts/IncrementBuildNumber.py\"";
			showEnvVarsInLog = 0;
		};
		BD79800C19C0CF3E0087DCCA /* Generate Asset Catalog Identifier File */ = {
			isa = PBXShellScriptBuildPhase;
			buildActionMask = 2147483647;
			files = (
			);
			inputPaths = (
			);
			name = "Generate Asset Catalog Identifier File";
			outputPaths = (
			);
			runOnlyForDeploymentPostprocessing = 0;
			shellPath = /bin/sh;
			shellScript = "# This script walks the asset catalogs in your project and creates\n# AssetCatalogIdentifiers.{h,m} with methods for all the UIImages\n# found therein.\n# The generated files live in the Other Sources group.\n\n# If this is not desired behavior for you, or you don't use\n# asset catalogs, feel free to remove this build phase and the\n# generated files in Other Sources.\n\n\"${SRCROOT}/Scripts/GenerateAssetCatalogIDs.py\"";
			showEnvVarsInLog = 0;
		};
		BDC7F36218EBA5EE0045D4BD /* Remove Unused Localizations */ = {
			isa = PBXShellScriptBuildPhase;
			buildActionMask = 2147483647;
			files = (
			);
			inputPaths = (
			);
			name = "Remove Unused Localizations";
			outputPaths = (
			);
			runOnlyForDeploymentPostprocessing = 0;
			shellPath = /bin/sh;
			shellScript = "# This removes localization files for regions which you haven't explicitly localized\n# in the project settings. This is to work around an issue with pods that include\n# localizations for many languages, and the subsequent misreading of those files\n# by iTunes Connect.\n# See this GitHub issue for more details and other workarounds:\n# https://github.com/mattt/FormatterKit/issues/88\n\n# Feel free to remove this build phase if that problem doesn't apply to you,\n# though leaving it in should be harmless.\n\n\"${SRCROOT}/Scripts/RemoveUnusedLocalizations.py\"";
			showEnvVarsInLog = 0;
		};
		BDF4202019B8F31200FE6C13 /* Generate Storyboard Identifier File */ = {
			isa = PBXShellScriptBuildPhase;
			buildActionMask = 2147483647;
			files = (
			);
			inputPaths = (
			);
			name = "Generate Storyboard Identifier File";
			outputPaths = (
			);
			runOnlyForDeploymentPostprocessing = 0;
			shellPath = /bin/sh;
			shellScript = "# This script walks the storyboards in your project and creates\n# StoryboardIdentifiers.{h,m} with constants for all the segue,\n# reuse, restoration, and storyboard identifiers.\n# The generated files live in the Other Sources group.\n\n# If this is not desired behavior for you, or you don't use\n# storyboards, feel free to remove this build phase and the\n# generated files in Other Sources.\n\n# If you would like constants generated for restoration IDs,\n# uncomment this line:\n#export NEED_RESTORATION_IDS=1\n\n\"${SRCROOT}/Scripts/GenerateStoryboardIDs.py\"";
			showEnvVarsInLog = 0;
		};
/* End PBXShellScriptBuildPhase section */

/* Begin PBXSourcesBuildPhase section */
		BDDB994B18C3943B003EBC42 /* Sources */ = {
			isa = PBXSourcesBuildPhase;
			buildActionMask = 2147483647;
			files = (
				029CE0B01CF2411C00F12334 /* CSActionType.m in Sources */,
				02E52D141CFEBDCB0075B4E6 /* CSBeaconActionTrigger.m in Sources */,
				02BF44B71D00674A00D88822 /* CSNumberPicker.m in Sources */,
				02DDA2531CDF90D60096E3DF /* CSSmartHouseTableViewController.m in Sources */,
				02B8819C1CF1C5CA0072D3A4 /* CSActionSubjectsService.m in Sources */,
				02DDA2421CDF6DB20096E3DF /* CSActionSubject.m in Sources */,
				02DDA26E1CDFA72E0096E3DF /* CSAddActionViewModel.m in Sources */,
				021918061CDF5D2B00288736 /* CSSwitchActionCell.m in Sources */,
				0219181B1CDF6C7300288736 /* CSBeaconActionCellViewModel.m in Sources */,
				02014D521CE10B9100E2A1DF /* CSRequests.m in Sources */,
				02B881B71CF1D4550072D3A4 /* CSActionResponseSerializer.m in Sources */,
				026329831CFDDF7E00790EEF /* CSTimerTriggerPageManager.m in Sources */,
				02B881A21CF1C70F0072D3A4 /* CSCreateActionParams.m in Sources */,
				02DDA23C1CDF6D370096E3DF /* CSAction.m in Sources */,
				02014D501CE10B9100E2A1DF /* CSApiClient.m in Sources */,
				0263297F1CFDD7C000790EEF /* CSTimerTriggerWeeklyViewController.m in Sources */,
				02E52D1D1CFEE1940075B4E6 /* CSHourPicker.m in Sources */,
				02B881B11CF1D4230072D3A4 /* CSUserResponseSerializer.m in Sources */,
				021918151CDF6C5200288736 /* CSSwitchActionCellViewModel.m in Sources */,
				BDDB996318C3943B003EBC42 /* CSAppDelegate.m in Sources */,
				02E52D111CFEBDA30075B4E6 /* CSWeeklyTimerActionTrigger.m in Sources */,
				02DDA2751CDFA7AA0096E3DF /* CSPickerView.m in Sources */,
				02DDA2561CDF90F30096E3DF /* CSSmartHouseViewModel.m in Sources */,
				021918181CDF6C6400288736 /* CSTimerActionCellViewModel.m in Sources */,
				020FD62E1CF4F6BD00823E50 /* CSSwitchActionSubjectParams.m in Sources */,
				021918031CDF49E500288736 /* CSTableViewCell.m in Sources */,
				02B881AB1CF1C9860072D3A4 /* CSUploadAction.m in Sources */,
				02BF44B31D003E4500D88822 /* CSTimerTriggerWeeklyViewModel.m in Sources */,
				020FD6271CF4DADE00823E50 /* CSWireFrame.m in Sources */,
				BD934CD419C211F600B48551 /* AssetCatalogIdentifiers.m in Sources */,
				02B881B41CF1D43D0072D3A4 /* CSActionSubjectsResponseSerializer.m in Sources */,
				0219180C1CDF639A00288736 /* CSBeaconActionCell.m in Sources */,
				0263297B1CFDD76300790EEF /* CSTimerTriggerDailyViewController.m in Sources */,
				02DDA25D1CDF91C10096E3DF /* CSPickSubjectViewController.m in Sources */,
				02B881AE1CF1D2AA0072D3A4 /* CSUser.m in Sources */,
				02014D581CE10C4900E2A1DF /* CSEnvironment.m in Sources */,
				020FD62B1CF4F17000823E50 /* CSSplashViewController.m in Sources */,
				02E52D201CFEE70D0075B4E6 /* CSDateFormatter.m in Sources */,
				02E52D1A1CFECB530075B4E6 /* CSTimerTriggerConfiguration.m in Sources */,
				02014D511CE10B9100E2A1DF /* CSJSONResponseSerializer.m in Sources */,
				026C803E1CF391E6000C7599 /* CSLoginViewController.m in Sources */,
				02E52D171CFEBDDF0075B4E6 /* CSSwitchActionTrigger.m in Sources */,
				02014D491CE0EBBA00E2A1DF /* UIAlertController+Error.m in Sources */,
				02B881A81CF1C7550072D3A4 /* CSLoginUserParams.m in Sources */,
				026C80451CF39B09000C7599 /* NSString+Validation.m in Sources */,
				02B8819F1CF1C5F20072D3A4 /* CSActionsService.m in Sources */,
				02DDA26A1CDF981E0096E3DF /* CSPickSubjectCellViewModel.m in Sources */,
				02DDA2651CDF94120096E3DF /* CSPickSubjectCell.m in Sources */,
				BD934CD519C211F600B48551 /* StoryboardIdentifiers.m in Sources */,
				BD6951CF18EA4B0800F2F410 /* main.m in Sources */,
				02881A841D033989008E4A5A /* CSDocumentsManager.m in Sources */,
				02B881BD1CF1F7170072D3A4 /* CSAccount.m in Sources */,
				026C80411CF391FE000C7599 /* CSLoginViewModel.m in Sources */,
				02DDA2611CDF92EB0096E3DF /* CSPickSubjectViewModel.m in Sources */,
				02DDA23F1CDF6DA70096E3DF /* CSActionTrigger.m in Sources */,
				02B881991CF1C5B90072D3A4 /* CSSessionsService.m in Sources */,
				02B881BA1CF1D4600072D3A4 /* CSActionsResponseSerializer.m in Sources */,
				02DDA2591CDF915A0096E3DF /* CSAddActionViewController.m in Sources */,
				02BF44BB1D006C5F00D88822 /* CSTimerTriggerDailyViewModel.m in Sources */,
				02E52D0E1CFEBD910075B4E6 /* CSDailyTimerActionTrigger.m in Sources */,
				020FD6311CF4FA4500823E50 /* CSActionSubjectResponseSerializer.m in Sources */,
				02B881A51CF1C7350072D3A4 /* CSDeleteActionParams.m in Sources */,
				02979C121D0326130073EC2C /* CSActionManager.m in Sources */,
				021918091CDF62AE00288736 /* CSTimerActionCell.m in Sources */,
			);
			runOnlyForDeploymentPostprocessing = 0;
		};
		BDDB996F18C3943B003EBC42 /* Sources */ = {
			isa = PBXSourcesBuildPhase;
			buildActionMask = 2147483647;
			files = (
				BD304C8118E672EA0034105E /* CSDummySpec.m in Sources */,
			);
			runOnlyForDeploymentPostprocessing = 0;
		};
/* End PBXSourcesBuildPhase section */

/* Begin PBXTargetDependency section */
		BDDB997918C3943B003EBC42 /* PBXTargetDependency */ = {
			isa = PBXTargetDependency;
			target = BDDB994E18C3943B003EBC42 /* smarthouse */;
			targetProxy = BDDB997818C3943B003EBC42 /* PBXContainerItemProxy */;
		};
/* End PBXTargetDependency section */

/* Begin XCBuildConfiguration section */
		BD49EA2018EC611D00F73350 /* Debug_Production */ = {
			isa = XCBuildConfiguration;
			baseConfigurationReference = BD4E49501B8AC7BE004C140F /* smarthouse-Debug.xcconfig */;
			buildSettings = {
				ENABLE_TESTABILITY = YES;
				IPHONEOS_DEPLOYMENT_TARGET = 8.0;
				ONLY_ACTIVE_ARCH = YES;
				SDKROOT = iphoneos;
				TARGETED_DEVICE_FAMILY = "1,2";
			};
			name = Debug_Production;
		};
		BD49EA2118EC611D00F73350 /* Debug_Production */ = {
			isa = XCBuildConfiguration;
			baseConfigurationReference = A1F1D738F1A9B22BEC5A00E8 /* Pods-smarthouse.debug_production.xcconfig */;
			buildSettings = {
				ASSETCATALOG_COMPILER_APPICON_NAME = AppIcon;
				BUNDLE_ID_SUFFIX = .prod;
				BUNDLE_NAME_SUFFIX = " (Prod)";
				CODE_SIGN_IDENTITY = "iPhone Developer";
				GCC_PRECOMPILE_PREFIX_HEADER = YES;
				GCC_PREFIX_HEADER = "smarthouse/Application/smarthouse-Prefix.pch";
				INFOPLIST_FILE = "smarthouse/Other-Sources/smarthouse-Info.plist";
				PRODUCT_BUNDLE_IDENTIFIER = "com.cappsoft.${PRODUCT_NAME:rfc1034identifier:lower}${BUNDLE_ID_SUFFIX}";
				PRODUCT_NAME = "$(TARGET_NAME)";
			};
			name = Debug_Production;
		};
		BD49EA2218EC611D00F73350 /* Debug_Production */ = {
			isa = XCBuildConfiguration;
			buildSettings = {
				BUNDLE_LOADER = "$(BUILT_PRODUCTS_DIR)/smarthouse.app/smarthouse";
				FRAMEWORK_SEARCH_PATHS = (
					"$(SDKROOT)/Developer/Library/Frameworks",
					"$(inherited)",
					"$(DEVELOPER_FRAMEWORKS_DIR)",
				);
				GCC_PRECOMPILE_PREFIX_HEADER = YES;
				GCC_PREFIX_HEADER = "Specs/Specs-Prefix.pch";
				INFOPLIST_FILE = "Specs/Specs-Info.plist";
				PRODUCT_BUNDLE_IDENTIFIER = "com.cappsoft.${PRODUCT_NAME:rfc1034identifier}";
				PRODUCT_NAME = "$(TARGET_NAME)";
				TEST_HOST = "$(BUNDLE_LOADER)";
				WRAPPER_EXTENSION = xctest;
			};
			name = Debug_Production;
		};
		BD49EA2318EC612E00F73350 /* Test_Production */ = {
			isa = XCBuildConfiguration;
			baseConfigurationReference = BD4E49531B8AC7BE004C140F /* smarthouse-Test.xcconfig */;
			buildSettings = {
				IPHONEOS_DEPLOYMENT_TARGET = 8.0;
				SDKROOT = iphoneos;
				TARGETED_DEVICE_FAMILY = "1,2";
			};
			name = Test_Production;
		};
		BD49EA2418EC612E00F73350 /* Test_Production */ = {
			isa = XCBuildConfiguration;
			baseConfigurationReference = B71B0541CCD8C25ACBC13BE1 /* Pods-smarthouse.test_production.xcconfig */;
			buildSettings = {
				ASSETCATALOG_COMPILER_APPICON_NAME = AppIcon;
				BUNDLE_ID_SUFFIX = .prod;
				BUNDLE_NAME_SUFFIX = " (Prod)";
				CODE_SIGN_IDENTITY = "iPhone Developer";
				GCC_PRECOMPILE_PREFIX_HEADER = YES;
				GCC_PREFIX_HEADER = "smarthouse/Application/smarthouse-Prefix.pch";
				INFOPLIST_FILE = "smarthouse/Other-Sources/smarthouse-Info.plist";
				PRODUCT_BUNDLE_IDENTIFIER = "com.cappsoft.${PRODUCT_NAME:rfc1034identifier:lower}${BUNDLE_ID_SUFFIX}";
				PRODUCT_NAME = "$(TARGET_NAME)";
			};
			name = Test_Production;
		};
		BD49EA2518EC612E00F73350 /* Test_Production */ = {
			isa = XCBuildConfiguration;
			buildSettings = {
				BUNDLE_LOADER = "$(BUILT_PRODUCTS_DIR)/smarthouse.app/smarthouse";
				FRAMEWORK_SEARCH_PATHS = (
					"$(SDKROOT)/Developer/Library/Frameworks",
					"$(inherited)",
					"$(DEVELOPER_FRAMEWORKS_DIR)",
				);
				GCC_PRECOMPILE_PREFIX_HEADER = YES;
				GCC_PREFIX_HEADER = "Specs/Specs-Prefix.pch";
				INFOPLIST_FILE = "Specs/Specs-Info.plist";
				PRODUCT_BUNDLE_IDENTIFIER = "com.cappsoft.${PRODUCT_NAME:rfc1034identifier}";
				PRODUCT_NAME = "$(TARGET_NAME)";
				TEST_HOST = "$(BUNDLE_LOADER)";
				WRAPPER_EXTENSION = xctest;
			};
			name = Test_Production;
		};
		BD49EA2618EC614F00F73350 /* AdHoc_Production */ = {
			isa = XCBuildConfiguration;
			baseConfigurationReference = BD4E49521B8AC7BE004C140F /* smarthouse-Release.xcconfig */;
			buildSettings = {
				IPHONEOS_DEPLOYMENT_TARGET = 8.0;
				SDKROOT = iphoneos;
				TARGETED_DEVICE_FAMILY = "1,2";
			};
			name = AdHoc_Production;
		};
		BD49EA2718EC614F00F73350 /* AdHoc_Production */ = {
			isa = XCBuildConfiguration;
			baseConfigurationReference = C4154917AF1F76C8E6B044CC /* Pods-smarthouse.adhoc_production.xcconfig */;
			buildSettings = {
				ASSETCATALOG_COMPILER_APPICON_NAME = AppIcon;
				BUNDLE_ID_SUFFIX = .prod;
				BUNDLE_NAME_SUFFIX = " (Prod)";
				CODE_SIGN_IDENTITY = "iPhone Distribution";
				GCC_PRECOMPILE_PREFIX_HEADER = YES;
				GCC_PREFIX_HEADER = "smarthouse/Application/smarthouse-Prefix.pch";
				INFOPLIST_FILE = "smarthouse/Other-Sources/smarthouse-Info.plist";
				PRODUCT_BUNDLE_IDENTIFIER = "com.cappsoft.${PRODUCT_NAME:rfc1034identifier:lower}${BUNDLE_ID_SUFFIX}";
				PRODUCT_NAME = "$(TARGET_NAME)";
			};
			name = AdHoc_Production;
		};
		BD49EA2818EC614F00F73350 /* AdHoc_Production */ = {
			isa = XCBuildConfiguration;
			buildSettings = {
				BUNDLE_LOADER = "$(BUILT_PRODUCTS_DIR)/smarthouse.app/smarthouse";
				FRAMEWORK_SEARCH_PATHS = (
					"$(SDKROOT)/Developer/Library/Frameworks",
					"$(inherited)",
					"$(DEVELOPER_FRAMEWORKS_DIR)",
				);
				GCC_PRECOMPILE_PREFIX_HEADER = YES;
				GCC_PREFIX_HEADER = "Specs/Specs-Prefix.pch";
				INFOPLIST_FILE = "Specs/Specs-Info.plist";
				PRODUCT_BUNDLE_IDENTIFIER = "com.cappsoft.${PRODUCT_NAME:rfc1034identifier}";
				PRODUCT_NAME = "$(TARGET_NAME)";
				TEST_HOST = "$(BUNDLE_LOADER)";
				WRAPPER_EXTENSION = xctest;
			};
			name = AdHoc_Production;
		};
		BD49EA2918EC62DD00F73350 /* Profile_Production */ = {
			isa = XCBuildConfiguration;
			baseConfigurationReference = BD4E49511B8AC7BE004C140F /* smarthouse-Profile.xcconfig */;
			buildSettings = {
				IPHONEOS_DEPLOYMENT_TARGET = 8.0;
				SDKROOT = iphoneos;
				TARGETED_DEVICE_FAMILY = "1,2";
			};
			name = Profile_Production;
		};
		BD49EA2A18EC62DD00F73350 /* Profile_Production */ = {
			isa = XCBuildConfiguration;
			baseConfigurationReference = DE2C00015F1F8DAB64DC463E /* Pods-smarthouse.profile_production.xcconfig */;
			buildSettings = {
				ASSETCATALOG_COMPILER_APPICON_NAME = AppIcon;
				BUNDLE_ID_SUFFIX = .prod;
				BUNDLE_NAME_SUFFIX = " (Prod)";
				CODE_SIGN_IDENTITY = "iPhone Developer";
				GCC_PRECOMPILE_PREFIX_HEADER = YES;
				GCC_PREFIX_HEADER = "smarthouse/Application/smarthouse-Prefix.pch";
				INFOPLIST_FILE = "smarthouse/Other-Sources/smarthouse-Info.plist";
				PRODUCT_BUNDLE_IDENTIFIER = "com.cappsoft.${PRODUCT_NAME:rfc1034identifier:lower}${BUNDLE_ID_SUFFIX}";
				PRODUCT_NAME = "$(TARGET_NAME)";
			};
			name = Profile_Production;
		};
		BD49EA2B18EC62DD00F73350 /* Profile_Production */ = {
			isa = XCBuildConfiguration;
			buildSettings = {
				BUNDLE_LOADER = "$(BUILT_PRODUCTS_DIR)/smarthouse.app/smarthouse";
				FRAMEWORK_SEARCH_PATHS = (
					"$(SDKROOT)/Developer/Library/Frameworks",
					"$(inherited)",
					"$(DEVELOPER_FRAMEWORKS_DIR)",
				);
				GCC_PRECOMPILE_PREFIX_HEADER = YES;
				GCC_PREFIX_HEADER = "Specs/Specs-Prefix.pch";
				INFOPLIST_FILE = "Specs/Specs-Info.plist";
				PRODUCT_BUNDLE_IDENTIFIER = "com.cappsoft.${PRODUCT_NAME:rfc1034identifier}";
				PRODUCT_NAME = "$(TARGET_NAME)";
				TEST_HOST = "$(BUNDLE_LOADER)";
				WRAPPER_EXTENSION = xctest;
			};
			name = Profile_Production;
		};
		BDD67CDB18DFAB85008ECBBD /* AdHoc_Staging */ = {
			isa = XCBuildConfiguration;
			baseConfigurationReference = BD4E49521B8AC7BE004C140F /* smarthouse-Release.xcconfig */;
			buildSettings = {
				IPHONEOS_DEPLOYMENT_TARGET = 8.0;
				SDKROOT = iphoneos;
				TARGETED_DEVICE_FAMILY = "1,2";
			};
			name = AdHoc_Staging;
		};
		BDD67CDC18DFAB85008ECBBD /* AdHoc_Staging */ = {
			isa = XCBuildConfiguration;
			baseConfigurationReference = D03EB3C12D30F0605AA4A9A9 /* Pods-smarthouse.adhoc_staging.xcconfig */;
			buildSettings = {
				ASSETCATALOG_COMPILER_APPICON_NAME = AppIcon;
				BUNDLE_ID_SUFFIX = .staging;
				BUNDLE_NAME_SUFFIX = " (Staging)";
				CODE_SIGN_IDENTITY = "iPhone Distribution";
				GCC_PRECOMPILE_PREFIX_HEADER = YES;
				GCC_PREFIX_HEADER = "smarthouse/Application/smarthouse-Prefix.pch";
				INFOPLIST_FILE = "smarthouse/Other-Sources/smarthouse-Info.plist";
				PRODUCT_BUNDLE_IDENTIFIER = "com.cappsoft.${PRODUCT_NAME:rfc1034identifier:lower}${BUNDLE_ID_SUFFIX}";
				PRODUCT_NAME = "$(TARGET_NAME)";
			};
			name = AdHoc_Staging;
		};
		BDD67CDD18DFAB85008ECBBD /* AdHoc_Staging */ = {
			isa = XCBuildConfiguration;
			buildSettings = {
				BUNDLE_LOADER = "$(BUILT_PRODUCTS_DIR)/smarthouse.app/smarthouse";
				FRAMEWORK_SEARCH_PATHS = (
					"$(SDKROOT)/Developer/Library/Frameworks",
					"$(inherited)",
					"$(DEVELOPER_FRAMEWORKS_DIR)",
				);
				GCC_PRECOMPILE_PREFIX_HEADER = YES;
				GCC_PREFIX_HEADER = "Specs/Specs-Prefix.pch";
				INFOPLIST_FILE = "Specs/Specs-Info.plist";
				PRODUCT_BUNDLE_IDENTIFIER = "com.cappsoft.${PRODUCT_NAME:rfc1034identifier}";
				PRODUCT_NAME = "$(TARGET_NAME)";
				TEST_HOST = "$(BUNDLE_LOADER)";
				WRAPPER_EXTENSION = xctest;
			};
			name = AdHoc_Staging;
		};
		BDDB998218C3943B003EBC42 /* Debug_Staging */ = {
			isa = XCBuildConfiguration;
			baseConfigurationReference = BD4E49501B8AC7BE004C140F /* smarthouse-Debug.xcconfig */;
			buildSettings = {
				ENABLE_TESTABILITY = YES;
				IPHONEOS_DEPLOYMENT_TARGET = 8.0;
				ONLY_ACTIVE_ARCH = YES;
				SDKROOT = iphoneos;
				TARGETED_DEVICE_FAMILY = "1,2";
			};
			name = Debug_Staging;
		};
		BDDB998318C3943B003EBC42 /* Distribution */ = {
			isa = XCBuildConfiguration;
			baseConfigurationReference = BD4E49521B8AC7BE004C140F /* smarthouse-Release.xcconfig */;
			buildSettings = {
				IPHONEOS_DEPLOYMENT_TARGET = 8.0;
				SDKROOT = iphoneos;
				TARGETED_DEVICE_FAMILY = "1,2";
			};
			name = Distribution;
		};
		BDDB998518C3943B003EBC42 /* Debug_Staging */ = {
			isa = XCBuildConfiguration;
			baseConfigurationReference = 97AB0E77884008C5BC108E15 /* Pods-smarthouse.debug_staging.xcconfig */;
			buildSettings = {
				ASSETCATALOG_COMPILER_APPICON_NAME = AppIcon;
				BUNDLE_ID_SUFFIX = .staging;
				BUNDLE_NAME_SUFFIX = " (Staging)";
				CODE_SIGN_IDENTITY = "iPhone Developer";
				GCC_PRECOMPILE_PREFIX_HEADER = YES;
				GCC_PREFIX_HEADER = "smarthouse/Application/smarthouse-Prefix.pch";
				INFOPLIST_FILE = "smarthouse/Other-Sources/smarthouse-Info.plist";
				PRODUCT_BUNDLE_IDENTIFIER = "com.cappsoft.${PRODUCT_NAME:rfc1034identifier:lower}${BUNDLE_ID_SUFFIX}";
				PRODUCT_NAME = "$(TARGET_NAME)";
			};
			name = Debug_Staging;
		};
		BDDB998618C3943B003EBC42 /* Distribution */ = {
			isa = XCBuildConfiguration;
			baseConfigurationReference = 5BA9BAD11DA1A0F41FC29EA9 /* Pods-smarthouse.distribution.xcconfig */;
			buildSettings = {
				ASSETCATALOG_COMPILER_APPICON_NAME = AppIcon;
				BUNDLE_ID_SUFFIX = "";
				BUNDLE_NAME_SUFFIX = "";
				CODE_SIGN_IDENTITY = "iPhone Distribution";
				GCC_PRECOMPILE_PREFIX_HEADER = YES;
				GCC_PREFIX_HEADER = "smarthouse/Application/smarthouse-Prefix.pch";
				INFOPLIST_FILE = "smarthouse/Other-Sources/smarthouse-Info.plist";
				PRODUCT_BUNDLE_IDENTIFIER = "com.cappsoft.${PRODUCT_NAME:rfc1034identifier:lower}${BUNDLE_ID_SUFFIX}";
				PRODUCT_NAME = "$(TARGET_NAME)";
			};
			name = Distribution;
		};
		BDDB998818C3943B003EBC42 /* Debug_Staging */ = {
			isa = XCBuildConfiguration;
			buildSettings = {
				BUNDLE_LOADER = "$(BUILT_PRODUCTS_DIR)/smarthouse.app/smarthouse";
				FRAMEWORK_SEARCH_PATHS = (
					"$(SDKROOT)/Developer/Library/Frameworks",
					"$(inherited)",
					"$(DEVELOPER_FRAMEWORKS_DIR)",
				);
				GCC_PRECOMPILE_PREFIX_HEADER = YES;
				GCC_PREFIX_HEADER = "Specs/Specs-Prefix.pch";
				INFOPLIST_FILE = "Specs/Specs-Info.plist";
				PRODUCT_BUNDLE_IDENTIFIER = "com.cappsoft.${PRODUCT_NAME:rfc1034identifier}";
				PRODUCT_NAME = "$(TARGET_NAME)";
				TEST_HOST = "$(BUNDLE_LOADER)";
				WRAPPER_EXTENSION = xctest;
			};
			name = Debug_Staging;
		};
		BDDB998918C3943B003EBC42 /* Distribution */ = {
			isa = XCBuildConfiguration;
			buildSettings = {
				BUNDLE_LOADER = "$(BUILT_PRODUCTS_DIR)/smarthouse.app/smarthouse";
				FRAMEWORK_SEARCH_PATHS = (
					"$(SDKROOT)/Developer/Library/Frameworks",
					"$(inherited)",
					"$(DEVELOPER_FRAMEWORKS_DIR)",
				);
				GCC_PRECOMPILE_PREFIX_HEADER = YES;
				GCC_PREFIX_HEADER = "Specs/Specs-Prefix.pch";
				INFOPLIST_FILE = "Specs/Specs-Info.plist";
				PRODUCT_BUNDLE_IDENTIFIER = "com.cappsoft.${PRODUCT_NAME:rfc1034identifier}";
				PRODUCT_NAME = "$(TARGET_NAME)";
				TEST_HOST = "$(BUNDLE_LOADER)";
				WRAPPER_EXTENSION = xctest;
			};
			name = Distribution;
		};
		BDF1757A18C3986D008BD9C6 /* Profile_Staging */ = {
			isa = XCBuildConfiguration;
			baseConfigurationReference = BD4E49511B8AC7BE004C140F /* smarthouse-Profile.xcconfig */;
			buildSettings = {
				IPHONEOS_DEPLOYMENT_TARGET = 8.0;
				SDKROOT = iphoneos;
				TARGETED_DEVICE_FAMILY = "1,2";
			};
			name = Profile_Staging;
		};
		BDF1757B18C3986D008BD9C6 /* Profile_Staging */ = {
			isa = XCBuildConfiguration;
			baseConfigurationReference = FFEBC06F98242B5A87FDC4D9 /* Pods-smarthouse.profile_staging.xcconfig */;
			buildSettings = {
				ASSETCATALOG_COMPILER_APPICON_NAME = AppIcon;
				BUNDLE_ID_SUFFIX = .staging;
				BUNDLE_NAME_SUFFIX = " (Staging)";
				CODE_SIGN_IDENTITY = "iPhone Developer";
				GCC_PRECOMPILE_PREFIX_HEADER = YES;
				GCC_PREFIX_HEADER = "smarthouse/Application/smarthouse-Prefix.pch";
				INFOPLIST_FILE = "smarthouse/Other-Sources/smarthouse-Info.plist";
				PRODUCT_BUNDLE_IDENTIFIER = "com.cappsoft.${PRODUCT_NAME:rfc1034identifier:lower}${BUNDLE_ID_SUFFIX}";
				PRODUCT_NAME = "$(TARGET_NAME)";
			};
			name = Profile_Staging;
		};
		BDF1757C18C3986D008BD9C6 /* Profile_Staging */ = {
			isa = XCBuildConfiguration;
			buildSettings = {
				BUNDLE_LOADER = "$(BUILT_PRODUCTS_DIR)/smarthouse.app/smarthouse";
				FRAMEWORK_SEARCH_PATHS = (
					"$(SDKROOT)/Developer/Library/Frameworks",
					"$(inherited)",
					"$(DEVELOPER_FRAMEWORKS_DIR)",
				);
				GCC_PRECOMPILE_PREFIX_HEADER = YES;
				GCC_PREFIX_HEADER = "Specs/Specs-Prefix.pch";
				INFOPLIST_FILE = "Specs/Specs-Info.plist";
				PRODUCT_BUNDLE_IDENTIFIER = "com.cappsoft.${PRODUCT_NAME:rfc1034identifier}";
				PRODUCT_NAME = "$(TARGET_NAME)";
				TEST_HOST = "$(BUNDLE_LOADER)";
				WRAPPER_EXTENSION = xctest;
			};
			name = Profile_Staging;
		};
		BDF1757D18C39BD3008BD9C6 /* Test_Staging */ = {
			isa = XCBuildConfiguration;
			baseConfigurationReference = BD4E49531B8AC7BE004C140F /* smarthouse-Test.xcconfig */;
			buildSettings = {
				IPHONEOS_DEPLOYMENT_TARGET = 8.0;
				SDKROOT = iphoneos;
				TARGETED_DEVICE_FAMILY = "1,2";
			};
			name = Test_Staging;
		};
		BDF1757E18C39BD3008BD9C6 /* Test_Staging */ = {
			isa = XCBuildConfiguration;
			baseConfigurationReference = ACCEA3EC7B1F6CDF5518D995 /* Pods-smarthouse.test_staging.xcconfig */;
			buildSettings = {
				ASSETCATALOG_COMPILER_APPICON_NAME = AppIcon;
				BUNDLE_ID_SUFFIX = .staging;
				BUNDLE_NAME_SUFFIX = " (Staging)";
				CODE_SIGN_IDENTITY = "iPhone Developer";
				GCC_PRECOMPILE_PREFIX_HEADER = YES;
				GCC_PREFIX_HEADER = "smarthouse/Application/smarthouse-Prefix.pch";
				INFOPLIST_FILE = "smarthouse/Other-Sources/smarthouse-Info.plist";
				PRODUCT_BUNDLE_IDENTIFIER = "com.cappsoft.${PRODUCT_NAME:rfc1034identifier:lower}${BUNDLE_ID_SUFFIX}";
				PRODUCT_NAME = "$(TARGET_NAME)";
			};
			name = Test_Staging;
		};
		BDF1757F18C39BD3008BD9C6 /* Test_Staging */ = {
			isa = XCBuildConfiguration;
			buildSettings = {
				BUNDLE_LOADER = "$(BUILT_PRODUCTS_DIR)/smarthouse.app/smarthouse";
				FRAMEWORK_SEARCH_PATHS = (
					"$(SDKROOT)/Developer/Library/Frameworks",
					"$(inherited)",
					"$(DEVELOPER_FRAMEWORKS_DIR)",
				);
				GCC_PRECOMPILE_PREFIX_HEADER = YES;
				GCC_PREFIX_HEADER = "Specs/Specs-Prefix.pch";
				INFOPLIST_FILE = "Specs/Specs-Info.plist";
				PRODUCT_BUNDLE_IDENTIFIER = "com.cappsoft.${PRODUCT_NAME:rfc1034identifier}";
				PRODUCT_NAME = "$(TARGET_NAME)";
				TEST_HOST = "$(BUNDLE_LOADER)";
				WRAPPER_EXTENSION = xctest;
			};
			name = Test_Staging;
		};
/* End XCBuildConfiguration section */

/* Begin XCConfigurationList section */
		BDDB994A18C3943B003EBC42 /* Build configuration list for PBXProject "smarthouse" */ = {
			isa = XCConfigurationList;
			buildConfigurations = (
				BDDB998218C3943B003EBC42 /* Debug_Staging */,
				BD49EA2018EC611D00F73350 /* Debug_Production */,
				BDF1757D18C39BD3008BD9C6 /* Test_Staging */,
				BD49EA2318EC612E00F73350 /* Test_Production */,
				BDDB998318C3943B003EBC42 /* Distribution */,
				BDD67CDB18DFAB85008ECBBD /* AdHoc_Staging */,
				BD49EA2618EC614F00F73350 /* AdHoc_Production */,
				BDF1757A18C3986D008BD9C6 /* Profile_Staging */,
				BD49EA2918EC62DD00F73350 /* Profile_Production */,
			);
			defaultConfigurationIsVisible = 0;
			defaultConfigurationName = Distribution;
		};
		BDDB998418C3943B003EBC42 /* Build configuration list for PBXNativeTarget "smarthouse" */ = {
			isa = XCConfigurationList;
			buildConfigurations = (
				BDDB998518C3943B003EBC42 /* Debug_Staging */,
				BD49EA2118EC611D00F73350 /* Debug_Production */,
				BDF1757E18C39BD3008BD9C6 /* Test_Staging */,
				BD49EA2418EC612E00F73350 /* Test_Production */,
				BDDB998618C3943B003EBC42 /* Distribution */,
				BDD67CDC18DFAB85008ECBBD /* AdHoc_Staging */,
				BD49EA2718EC614F00F73350 /* AdHoc_Production */,
				BDF1757B18C3986D008BD9C6 /* Profile_Staging */,
				BD49EA2A18EC62DD00F73350 /* Profile_Production */,
			);
			defaultConfigurationIsVisible = 0;
			defaultConfigurationName = Distribution;
		};
		BDDB998718C3943B003EBC42 /* Build configuration list for PBXNativeTarget "Specs" */ = {
			isa = XCConfigurationList;
			buildConfigurations = (
				BDDB998818C3943B003EBC42 /* Debug_Staging */,
				BD49EA2218EC611D00F73350 /* Debug_Production */,
				BDF1757F18C39BD3008BD9C6 /* Test_Staging */,
				BD49EA2518EC612E00F73350 /* Test_Production */,
				BDDB998918C3943B003EBC42 /* Distribution */,
				BDD67CDD18DFAB85008ECBBD /* AdHoc_Staging */,
				BD49EA2818EC614F00F73350 /* AdHoc_Production */,
				BDF1757C18C3986D008BD9C6 /* Profile_Staging */,
				BD49EA2B18EC62DD00F73350 /* Profile_Production */,
			);
			defaultConfigurationIsVisible = 0;
			defaultConfigurationName = Distribution;
		};
/* End XCConfigurationList section */
	};
	rootObject = BDDB994718C3943B003EBC42 /* Project object */;
}
